// !$*UTF8*$!
{
	archiveVersion = 1;
	classes = {
	};
	objectVersion = 90;
	objects = {

/* Begin PBXBuildFile section */
		2AD77656445F63DC6A1001D9 /* Sparkle in Frameworks */ = {isa = PBXBuildFile; productRef = C7F376D8610F320F205B46E7 /* Sparkle */; };
		AB0100000000000000000000 /* DeeDock/Settings/Models/WindowPeekSettings.swift in Sources */ = {isa = PBXBuildFile; fileRef = AB0200000000000000000000 /* DeeDock/Settings/Models/WindowPeekSettings.swift */; };
		AB0100000000000000000001 /* DeeDock/Modes/Models/DockMode.swift in Sources */ = {isa = PBXBuildFile; fileRef = AB0200000000000000000001 /* DeeDock/Modes/Models/DockMode.swift */; };
		AB0100000000000000000002 /* DeeDock/Modes/Persistence/DockModesRepository.swift in Sources */ = {isa = PBXBuildFile; fileRef = AB0200000000000000000002 /* DeeDock/Modes/Persistence/DockModesRepository.swift */; };
		AB0100000000000000000003 /* DeeDock/Modes/State/DockModesStore.swift in Sources */ = {isa = PBXBuildFile; fileRef = AB0200000000000000000003 /* DeeDock/Modes/State/DockModesStore.swift */; };
		AB0100000000000000000004 /* DeeDock/Modes/Picker/DockModePickerGeometry.swift in Sources */ = {isa = PBXBuildFile; fileRef = AB0200000000000000000004 /* DeeDock/Modes/Picker/DockModePickerGeometry.swift */; };
		AB0100000000000000000005 /* DeeDock/Modes/Picker/DockModePickerState.swift in Sources */ = {isa = PBXBuildFile; fileRef = AB0200000000000000000005 /* DeeDock/Modes/Picker/DockModePickerState.swift */; };
		AB0100000000000000000006 /* DeeDock/Dock/Peek/WindowPeekModels.swift in Sources */ = {isa = PBXBuildFile; fileRef = AB0200000000000000000006 /* DeeDock/Dock/Peek/WindowPeekModels.swift */; };
		AB0100000000000000000007 /* DeeDock/Dock/Peek/WindowPeekGeometry.swift in Sources */ = {isa = PBXBuildFile; fileRef = AB0200000000000000000007 /* DeeDock/Dock/Peek/WindowPeekGeometry.swift */; };
		AB0100000000000000000008 /* DeeDock/Dock/Peek/WindowThumbnailService.swift in Sources */ = {isa = PBXBuildFile; fileRef = AB0200000000000000000008 /* DeeDock/Dock/Peek/WindowThumbnailService.swift */; };
		AB0100000000000000000009 /* DeeDock/Dock/Services/ScreenCaptureAccessServicing.swift in Sources */ = {isa = PBXBuildFile; fileRef = AB0200000000000000000009 /* DeeDock/Dock/Services/ScreenCaptureAccessServicing.swift */; };
		AB010000000000000000000A /* DeeDock/Settings/Previews/ScreenCaptureAccessController.swift in Sources */ = {isa = PBXBuildFile; fileRef = AB020000000000000000000A /* DeeDock/Settings/Previews/ScreenCaptureAccessController.swift */; };
		AB0400000000000000000000 /* DeeDock/Dock/Shelf/ShelfItem.swift in Sources */ = {isa = PBXBuildFile; fileRef = AB0300000000000000000000 /* DeeDock/Dock/Shelf/ShelfItem.swift */; };
		AB0400000000000000000001 /* DeeDock/Dock/Shelf/ShelfRepository.swift in Sources */ = {isa = PBXBuildFile; fileRef = AB0300000000000000000001 /* DeeDock/Dock/Shelf/ShelfRepository.swift */; };
		AB0400000000000000000002 /* DeeDock/Dock/Shelf/ShelfResourceAccess.swift in Sources */ = {isa = PBXBuildFile; fileRef = AB0300000000000000000002 /* DeeDock/Dock/Shelf/ShelfResourceAccess.swift */; };
		AB0400000000000000000003 /* DeeDock/Dock/Shelf/ShelfController.swift in Sources */ = {isa = PBXBuildFile; fileRef = AB0300000000000000000003 /* DeeDock/Dock/Shelf/ShelfController.swift */; };
		AB0400000000000000000004 /* DeeDock/Dock/Shelf/ShelfSelection.swift in Sources */ = {isa = PBXBuildFile; fileRef = AB0300000000000000000004 /* DeeDock/Dock/Shelf/ShelfSelection.swift */; };
		AB0500000000000000000000 /* DeeDock/Dock/SemanticStacks/SemanticStackModels.swift in Sources */ = {isa = PBXBuildFile; fileRef = AB0600000000000000000000 /* DeeDock/Dock/SemanticStacks/SemanticStackModels.swift */; };
		AB0500000000000000000001 /* DeeDock/Dock/Shelf/ShelfSemanticWarmupController.swift in Sources */ = {isa = PBXBuildFile; fileRef = AB0600000000000000000001 /* DeeDock/Dock/Shelf/ShelfSemanticWarmupController.swift */; };
		AB0700000000000000000000 /* DeeDock/Dock/Capsules/SessionCapsuleModels.swift in Sources */ = {isa = PBXBuildFile; fileRef = AB0800000000000000000000 /* DeeDock/Dock/Capsules/SessionCapsuleModels.swift */; };
		AB0700000000000000000001 /* DeeDock/Dock/Capsules/SessionCapsuleRepository.swift in Sources */ = {isa = PBXBuildFile; fileRef = AB0800000000000000000001 /* DeeDock/Dock/Capsules/SessionCapsuleRepository.swift */; };
		AB0700000000000000000002 /* DeeDock/Dock/Capsules/SessionCapsuleController.swift in Sources */ = {isa = PBXBuildFile; fileRef = AB0800000000000000000002 /* DeeDock/Dock/Capsules/SessionCapsuleController.swift */; };
		AB0700000000000000000003 /* DeeDock/Dock/Capsules/CapsuleGlyph.swift in Sources */ = {isa = PBXBuildFile; fileRef = AB0800000000000000000003 /* DeeDock/Dock/Capsules/CapsuleGlyph.swift */; };
		AB0700000000000000000004 /* DeeDock/Dock/Capsules/SessionCapsuleApplicationIcons.swift in Sources */ = {isa = PBXBuildFile; fileRef = AB0800000000000000000004 /* DeeDock/Dock/Capsules/SessionCapsuleApplicationIcons.swift */; };
		AC7100000000000000000001 /* DeeDock/Dock/Actions/ActionTile.swift in Sources */ = {isa = PBXBuildFile; fileRef = AC7100000000000000000002 /* DeeDock/Dock/Actions/ActionTile.swift */; };
		AC7200000000000000000001 /* DeeDock/Dock/Focus/FocusSession.swift in Sources */ = {isa = PBXBuildFile; fileRef = AC7200000000000000000002 /* DeeDock/Dock/Focus/FocusSession.swift */; };
		DD1000000000000000000000 /* DeeDock/Dock/Models/ApplicationReference.swift in Sources */ = {isa = PBXBuildFile; fileRef = DD2000000000000000000000 /* DeeDock/Dock/Models/ApplicationReference.swift */; };
		DD1000000000000000000001 /* DeeDock/Dock/Models/DockOrdering.swift in Sources */ = {isa = PBXBuildFile; fileRef = DD2000000000000000000001 /* DeeDock/Dock/Models/DockOrdering.swift */; };
		DD1000000000000000000002 /* DeeDock/Dock/Persistence/FavoritesRepository.swift in Sources */ = {isa = PBXBuildFile; fileRef = DD2000000000000000000002 /* DeeDock/Dock/Persistence/FavoritesRepository.swift */; };
		DD1000000000000000000003 /* DeeDock/Dock/Layout/DockGeometry.swift in Sources */ = {isa = PBXBuildFile; fileRef = DD2000000000000000000003 /* DeeDock/Dock/Layout/DockGeometry.swift */; };
		DD4000000000000000000000 /* DeeDock/Settings/Models/DockSettings.swift in Sources */ = {isa = PBXBuildFile; fileRef = DD5000000000000000000000 /* DeeDock/Settings/Models/DockSettings.swift */; };
		DD4000000000000000000001 /* DeeDock/Settings/Persistence/DockSettingsRepository.swift in Sources */ = {isa = PBXBuildFile; fileRef = DD5000000000000000000001 /* DeeDock/Settings/Persistence/DockSettingsRepository.swift */; };
		DD4000000000000000000002 /* DeeDock/Dock/Layout/DockPlacement.swift in Sources */ = {isa = PBXBuildFile; fileRef = DD5000000000000000000002 /* DeeDock/Dock/Layout/DockPlacement.swift */; };
		DD6000000000000000000000 /* DeeDock/Displays/Models/DisplaySnapshot.swift in Sources */ = {isa = PBXBuildFile; fileRef = DD7000000000000000000000 /* DeeDock/Displays/Models/DisplaySnapshot.swift */; };
		DD6000000000000000000001 /* DeeDock/Settings/Profiles/DockSettingsOverrides.swift in Sources */ = {isa = PBXBuildFile; fileRef = DD7000000000000000000001 /* DeeDock/Settings/Profiles/DockSettingsOverrides.swift */; };
		DD6000000000000000000002 /* DeeDock/Settings/Profiles/DisplayProfilesRepository.swift in Sources */ = {isa = PBXBuildFile; fileRef = DD7000000000000000000002 /* DeeDock/Settings/Profiles/DisplayProfilesRepository.swift */; };
		DD6000000000000000000003 /* DeeDock/Settings/Profiles/DisplayProfilesStore.swift in Sources */ = {isa = PBXBuildFile; fileRef = DD7000000000000000000003 /* DeeDock/Settings/Profiles/DisplayProfilesStore.swift */; };
		DD6000000000000000000004 /* DeeDock/Settings/State/DockSettingsStore.swift in Sources */ = {isa = PBXBuildFile; fileRef = DD7000000000000000000004 /* DeeDock/Settings/State/DockSettingsStore.swift */; };
		DD6000000000000000000005 /* DeeDock/Dock/State/DockSession.swift in Sources */ = {isa = PBXBuildFile; fileRef = DD7000000000000000000005 /* DeeDock/Dock/State/DockSession.swift */; };
		DD6000000000000000000006 /* DeeDock/Dock/State/ApplicationCatalog.swift in Sources */ = {isa = PBXBuildFile; fileRef = DD7000000000000000000006 /* DeeDock/Dock/State/ApplicationCatalog.swift */; };
		DD6000000000000000000007 /* DeeDock/Dock/State/DockStore.swift in Sources */ = {isa = PBXBuildFile; fileRef = DD7000000000000000000007 /* DeeDock/Dock/State/DockStore.swift */; };
		DD6000000000000000000008 /* DeeDock/Dock/Models/DockItem.swift in Sources */ = {isa = PBXBuildFile; fileRef = DD7000000000000000000008 /* DeeDock/Dock/Models/DockItem.swift */; };
		DD6000000000000000000009 /* DeeDock/Dock/Services/ApplicationServicing.swift in Sources */ = {isa = PBXBuildFile; fileRef = DD7000000000000000000009 /* DeeDock/Dock/Services/ApplicationServicing.swift */; };
		DD8000000000000000000000 /* DeeDock/Resources/Localizable.xcstrings in Resources */ = {isa = PBXBuildFile; fileRef = DD8000000000000000000001 /* DeeDock/Resources/Localizable.xcstrings */; };
		DD9000000000000000000000 /* DeeDock/Settings/Models/DockBehaviorSettings.swift in Sources */ = {isa = PBXBuildFile; fileRef = DDA000000000000000000000 /* DeeDock/Settings/Models/DockBehaviorSettings.swift */; };
		DD9000000000000000000001 /* DeeDock/Dock/Visibility/DockAnimationStyle.swift in Sources */ = {isa = PBXBuildFile; fileRef = DDA000000000000000000001 /* DeeDock/Dock/Visibility/DockAnimationStyle.swift */; };
		DD9000000000000000000002 /* DeeDock/Dock/Visibility/DockAnimationGeometry.swift in Sources */ = {isa = PBXBuildFile; fileRef = DDA000000000000000000002 /* DeeDock/Dock/Visibility/DockAnimationGeometry.swift */; };
		DD9000000000000000000003 /* DeeDock/Dock/Visibility/DockActivationGeometry.swift in Sources */ = {isa = PBXBuildFile; fileRef = DDA000000000000000000003 /* DeeDock/Dock/Visibility/DockActivationGeometry.swift */; };
		DD9000000000000000000004 /* DeeDock/Dock/Visibility/DockVisibilityState.swift in Sources */ = {isa = PBXBuildFile; fileRef = DDA000000000000000000004 /* DeeDock/Dock/Visibility/DockVisibilityState.swift */; };
		DD9000000000000000000005 /* DeeDock/Dock/Visibility/DockVisibilityController.swift in Sources */ = {isa = PBXBuildFile; fileRef = DDA000000000000000000005 /* DeeDock/Dock/Visibility/DockVisibilityController.swift */; };
		DD9000000000000000000006 /* DeeDock/Dock/Visibility/DockPreviewLease.swift in Sources */ = {isa = PBXBuildFile; fileRef = DDA000000000000000000006 /* DeeDock/Dock/Visibility/DockPreviewLease.swift */; };
		DDB100000000000000000000 /* DeeDock/Dock/Dragging/DockPinEditing.swift in Sources */ = {isa = PBXBuildFile; fileRef = DDB200000000000000000000 /* DeeDock/Dock/Dragging/DockPinEditing.swift */; };
		DDB100000000000000000001 /* DeeDock/Dock/Dragging/DockDragPresentation.swift in Sources */ = {isa = PBXBuildFile; fileRef = DDB200000000000000000001 /* DeeDock/Dock/Dragging/DockDragPresentation.swift */; };
		DDB100000000000000000002 /* DeeDock/Dock/Services/ApplicationResourceAccess.swift in Sources */ = {isa = PBXBuildFile; fileRef = DDB200000000000000000002 /* DeeDock/Dock/Services/ApplicationResourceAccess.swift */; };
		DDB100000000000000000003 /* DeeDock/Dock/Dragging/DockApplicationImporter.swift in Sources */ = {isa = PBXBuildFile; fileRef = DDB200000000000000000003 /* DeeDock/Dock/Dragging/DockApplicationImporter.swift */; };
		DDC100000000000000000000 /* DeeDock/Dock/Layout/DockEdge.swift in Sources */ = {isa = PBXBuildFile; fileRef = DDC200000000000000000000 /* DeeDock/Dock/Layout/DockEdge.swift */; };
		DDE100000000000000000000 /* DeeDock/Dock/Sections/DockAppVisibility.swift in Sources */ = {isa = PBXBuildFile; fileRef = DDE200000000000000000000 /* DeeDock/Dock/Sections/DockAppVisibility.swift */; };
		DDE100000000000000000001 /* DeeDock/Dock/Sections/DockSectionState.swift in Sources */ = {isa = PBXBuildFile; fileRef = DDE200000000000000000001 /* DeeDock/Dock/Sections/DockSectionState.swift */; };
		DDE100000000000000000002 /* DeeDock/Dock/Sections/DockSectionInsertion.swift in Sources */ = {isa = PBXBuildFile; fileRef = DDE200000000000000000002 /* DeeDock/Dock/Sections/DockSectionInsertion.swift */; };
		DDE100000000000000000003 /* DeeDock/Dock/Tooltips/DockTooltipPreset.swift in Sources */ = {isa = PBXBuildFile; fileRef = DDE200000000000000000003 /* DeeDock/Dock/Tooltips/DockTooltipPreset.swift */; };
		DDE100000000000000000004 /* DeeDock/Dock/Tooltips/DockTooltipController.swift in Sources */ = {isa = PBXBuildFile; fileRef = DDE200000000000000000004 /* DeeDock/Dock/Tooltips/DockTooltipController.swift */; };
		DDE100000000000000000005 /* DeeDock/Dock/Tooltips/DockTooltipGeometry.swift in Sources */ = {isa = PBXBuildFile; fileRef = DDE200000000000000000005 /* DeeDock/Dock/Tooltips/DockTooltipGeometry.swift */; };
		DDE100000000000000000006 /* DeeDock/Dock/State/DockInteraction.swift in Sources */ = {isa = PBXBuildFile; fileRef = DDE200000000000000000006 /* DeeDock/Dock/State/DockInteraction.swift */; };
		DDE100000000000000000007 /* DeeDock/Dock/Visibility/DockIdleFadeController.swift in Sources */ = {isa = PBXBuildFile; fileRef = DDE200000000000000000007 /* DeeDock/Dock/Visibility/DockIdleFadeController.swift */; };
		DDF100000000000000000000 /* DeeDock/Dock/Documents/DocumentResourceAccess.swift in Sources */ = {isa = PBXBuildFile; fileRef = DDF200000000000000000000 /* DeeDock/Dock/Documents/DocumentResourceAccess.swift */; };
		DDF100000000000000000001 /* DeeDock/Dock/Documents/DockExternalPayload.swift in Sources */ = {isa = PBXBuildFile; fileRef = DDF200000000000000000001 /* DeeDock/Dock/Documents/DockExternalPayload.swift */; };
		DDF100000000000000000002 /* DeeDock/Dock/Documents/DockDocumentTarget.swift in Sources */ = {isa = PBXBuildFile; fileRef = DDF200000000000000000002 /* DeeDock/Dock/Documents/DockDocumentTarget.swift */; };
		DDF100000000000000000003 /* DeeDock/Dock/Documents/DockFilePickerController.swift in Sources */ = {isa = PBXBuildFile; fileRef = DDF200000000000000000003 /* DeeDock/Dock/Documents/DockFilePickerController.swift */; };
		DDF300000000000000000000 /* DeeDock/Settings/General/LoginItemServicing.swift in Sources */ = {isa = PBXBuildFile; fileRef = DDF400000000000000000000 /* DeeDock/Settings/General/LoginItemServicing.swift */; };
		DDF300000000000000000001 /* DeeDock/Settings/General/LoginItemController.swift in Sources */ = {isa = PBXBuildFile; fileRef = DDF400000000000000000001 /* DeeDock/Settings/General/LoginItemController.swift */; };
		DDF300000000000000000002 /* DeeDock/Settings/General/SystemLoginItemService.swift in Sources */ = {isa = PBXBuildFile; fileRef = DDF400000000000000000002 /* DeeDock/Settings/General/SystemLoginItemService.swift */; };
		DDF5000000000000000000000 /* DeeDock/Onboarding/Models/OnboardingStep.swift in Sources */ = {isa = PBXBuildFile; fileRef = DDF6000000000000000000000 /* DeeDock/Onboarding/Models/OnboardingStep.swift */; };
		DDF5000000000000000000001 /* DeeDock/Onboarding/Models/SystemDockReservation.swift in Sources */ = {isa = PBXBuildFile; fileRef = DDF6000000000000000000001 /* DeeDock/Onboarding/Models/SystemDockReservation.swift */; };
		DDF5000000000000000000002 /* DeeDock/Onboarding/Persistence/OnboardingRepository.swift in Sources */ = {isa = PBXBuildFile; fileRef = DDF6000000000000000000002 /* DeeDock/Onboarding/Persistence/OnboardingRepository.swift */; };
		DDF5000000000000000000003 /* DeeDock/Onboarding/State/OnboardingStore.swift in Sources */ = {isa = PBXBuildFile; fileRef = DDF6000000000000000000003 /* DeeDock/Onboarding/State/OnboardingStore.swift */; };
		DDF7000000000000000000000 /* DeeDock/Dock/Models/FolderReference.swift in Sources */ = {isa = PBXBuildFile; fileRef = DDF8000000000000000000000 /* DeeDock/Dock/Models/FolderReference.swift */; };
		DDF7000000000000000000001 /* DeeDock/Dock/Models/DockPin.swift in Sources */ = {isa = PBXBuildFile; fileRef = DDF8000000000000000000001 /* DeeDock/Dock/Models/DockPin.swift */; };
		DDF7000000000000000000002 /* DeeDock/Dock/Persistence/DockPinsRepository.swift in Sources */ = {isa = PBXBuildFile; fileRef = DDF8000000000000000000002 /* DeeDock/Dock/Persistence/DockPinsRepository.swift */; };
		DDF7000000000000000000003 /* DeeDock/Dock/Services/FolderResourceAccess.swift in Sources */ = {isa = PBXBuildFile; fileRef = DDF8000000000000000000003 /* DeeDock/Dock/Services/FolderResourceAccess.swift */; };
		DDF7000000000000000000004 /* DeeDock/Dock/Dragging/DockPinImporter.swift in Sources */ = {isa = PBXBuildFile; fileRef = DDF8000000000000000000004 /* DeeDock/Dock/Dragging/DockPinImporter.swift */; };
		DDF7000000000000000000005 /* DeeDock/Dock/Stacks/FolderStackEntry.swift in Sources */ = {isa = PBXBuildFile; fileRef = DDF8000000000000000000005 /* DeeDock/Dock/Stacks/FolderStackEntry.swift */; };
		DDF7000000000000000000006 /* DeeDock/Dock/Popover/DockPopoverGeometry.swift in Sources */ = {isa = PBXBuildFile; fileRef = DDF8000000000000000000006 /* DeeDock/Dock/Popover/DockPopoverGeometry.swift */; };
		DDF7000000000000000000007 /* DeeDock/Dock/Stacks/FolderStackState.swift in Sources */ = {isa = PBXBuildFile; fileRef = DDF8000000000000000000007 /* DeeDock/Dock/Stacks/FolderStackState.swift */; };
		DDF7000000000000000000008 /* DeeDock/Dock/Stacks/FolderDirectoryMonitor.swift in Sources */ = {isa = PBXBuildFile; fileRef = DDF8000000000000000000008 /* DeeDock/Dock/Stacks/FolderDirectoryMonitor.swift */; };
		DDFA00000000000000000000 /* DeeDock/Dock/Models/ApplicationMenu.swift in Sources */ = {isa = PBXBuildFile; fileRef = DDFB00000000000000000000 /* DeeDock/Dock/Models/ApplicationMenu.swift */; };
		DDFA00000000000000000001 /* DeeDock/Dock/Services/ApplicationMenuServicing.swift in Sources */ = {isa = PBXBuildFile; fileRef = DDFB00000000000000000001 /* DeeDock/Dock/Services/ApplicationMenuServicing.swift */; };
		DDFA00000000000000000002 /* DeeDock/Dock/Services/ApplicationWindowServicing.swift in Sources */ = {isa = PBXBuildFile; fileRef = DDFB00000000000000000002 /* DeeDock/Dock/Services/ApplicationWindowServicing.swift */; };
		DDFA00000000000000000003 /* DeeDock/Dock/Services/WindowAccessServicing.swift in Sources */ = {isa = PBXBuildFile; fileRef = DDFB00000000000000000003 /* DeeDock/Dock/Services/WindowAccessServicing.swift */; };
		DDFA00000000000000000004 /* DeeDock/Dock/State/ApplicationMenuController.swift in Sources */ = {isa = PBXBuildFile; fileRef = DDFB00000000000000000004 /* DeeDock/Dock/State/ApplicationMenuController.swift */; };
		DDFA00000000000000000005 /* DeeDock/Settings/General/WindowAccessController.swift in Sources */ = {isa = PBXBuildFile; fileRef = DDFB00000000000000000005 /* DeeDock/Settings/General/WindowAccessController.swift */; };
		DDFC00000000000000000001 /* DeeDock/Dock/Services/TrashController.swift in Sources */ = {isa = PBXBuildFile; fileRef = DDFC00000000000000000002 /* DeeDock/Dock/Services/TrashController.swift */; };
		DEE400000000000000000001 /* Sparkle-LICENSE.txt in Resources */ = {isa = PBXBuildFile; fileRef = DEE400000000000000000002 /* Sparkle-LICENSE.txt */; };
/* End PBXBuildFile section */

/* Begin PBXFileReference section */
		000000000000000000000120 /* DeeDock.app */ = {isa = PBXFileReference; explicitFileType = wrapper.application; includeInIndex = 0; path = DeeDock.app; sourceTree = BUILT_PRODUCTS_DIR; };
		0EE3B5E31B6358B0F2F32162 /* App.xcconfig */ = {isa = PBXFileReference; includeInIndex = 1; lastKnownFileType = text.xcconfig; name = App.xcconfig; path = Configuration/App.xcconfig; sourceTree = "<group>"; };
		33DE04A9304AA89B007D87CE /* FoundationModels.framework */ = {isa = PBXFileReference; lastKnownFileType = wrapper.framework; name = FoundationModels.framework; path = System/Library/Frameworks/FoundationModels.framework; sourceTree = SDKROOT; };
		525BD98535225C6EE024849D /* DeeDock.app */ = {isa = PBXFileReference; explicitFileType = wrapper.application; includeInIndex = 0; path = DeeDock.app; sourceTree = BUILT_PRODUCTS_DIR; };
		AB0200000000000000000000 /* DeeDock/Settings/Models/WindowPeekSettings.swift */ = {isa = PBXFileReference; lastKnownFileType = sourcecode.swift; path = DeeDock/Settings/Models/WindowPeekSettings.swift; sourceTree = SOURCE_ROOT; };
		AB0200000000000000000001 /* DeeDock/Modes/Models/DockMode.swift */ = {isa = PBXFileReference; lastKnownFileType = sourcecode.swift; path = DeeDock/Modes/Models/DockMode.swift; sourceTree = SOURCE_ROOT; };
		AB0200000000000000000002 /* DeeDock/Modes/Persistence/DockModesRepository.swift */ = {isa = PBXFileReference; lastKnownFileType = sourcecode.swift; path = DeeDock/Modes/Persistence/DockModesRepository.swift; sourceTree = SOURCE_ROOT; };
		AB0200000000000000000003 /* DeeDock/Modes/State/DockModesStore.swift */ = {isa = PBXFileReference; lastKnownFileType = sourcecode.swift; path = DeeDock/Modes/State/DockModesStore.swift; sourceTree = SOURCE_ROOT; };
		AB0200000000000000000004 /* DeeDock/Modes/Picker/DockModePickerGeometry.swift */ = {isa = PBXFileReference; lastKnownFileType = sourcecode.swift; path = DeeDock/Modes/Picker/DockModePickerGeometry.swift; sourceTree = SOURCE_ROOT; };
		AB0200000000000000000005 /* DeeDock/Modes/Picker/DockModePickerState.swift */ = {isa = PBXFileReference; lastKnownFileType = sourcecode.swift; path = DeeDock/Modes/Picker/DockModePickerState.swift; sourceTree = SOURCE_ROOT; };
		AB0200000000000000000006 /* DeeDock/Dock/Peek/WindowPeekModels.swift */ = {isa = PBXFileReference; lastKnownFileType = sourcecode.swift; path = DeeDock/Dock/Peek/WindowPeekModels.swift; sourceTree = SOURCE_ROOT; };
		AB0200000000000000000007 /* DeeDock/Dock/Peek/WindowPeekGeometry.swift */ = {isa = PBXFileReference; lastKnownFileType = sourcecode.swift; path = DeeDock/Dock/Peek/WindowPeekGeometry.swift; sourceTree = SOURCE_ROOT; };
		AB0200000000000000000008 /* DeeDock/Dock/Peek/WindowThumbnailService.swift */ = {isa = PBXFileReference; lastKnownFileType = sourcecode.swift; path = DeeDock/Dock/Peek/WindowThumbnailService.swift; sourceTree = SOURCE_ROOT; };
		AB0200000000000000000009 /* DeeDock/Dock/Services/ScreenCaptureAccessServicing.swift */ = {isa = PBXFileReference; lastKnownFileType = sourcecode.swift; path = DeeDock/Dock/Services/ScreenCaptureAccessServicing.swift; sourceTree = SOURCE_ROOT; };
		AB020000000000000000000A /* DeeDock/Settings/Previews/ScreenCaptureAccessController.swift */ = {isa = PBXFileReference; lastKnownFileType = sourcecode.swift; path = DeeDock/Settings/Previews/ScreenCaptureAccessController.swift; sourceTree = SOURCE_ROOT; };
		AB0300000000000000000000 /* DeeDock/Dock/Shelf/ShelfItem.swift */ = {isa = PBXFileReference; lastKnownFileType = sourcecode.swift; path = DeeDock/Dock/Shelf/ShelfItem.swift; sourceTree = SOURCE_ROOT; };
		AB0300000000000000000001 /* DeeDock/Dock/Shelf/ShelfRepository.swift */ = {isa = PBXFileReference; lastKnownFileType = sourcecode.swift; path = DeeDock/Dock/Shelf/ShelfRepository.swift; sourceTree = SOURCE_ROOT; };
		AB0300000000000000000002 /* DeeDock/Dock/Shelf/ShelfResourceAccess.swift */ = {isa = PBXFileReference; lastKnownFileType = sourcecode.swift; path = DeeDock/Dock/Shelf/ShelfResourceAccess.swift; sourceTree = SOURCE_ROOT; };
		AB0300000000000000000003 /* DeeDock/Dock/Shelf/ShelfController.swift */ = {isa = PBXFileReference; lastKnownFileType = sourcecode.swift; path = DeeDock/Dock/Shelf/ShelfController.swift; sourceTree = SOURCE_ROOT; };
		AB0300000000000000000004 /* DeeDock/Dock/Shelf/ShelfSelection.swift */ = {isa = PBXFileReference; lastKnownFileType = sourcecode.swift; path = DeeDock/Dock/Shelf/ShelfSelection.swift; sourceTree = SOURCE_ROOT; };
		AB0600000000000000000000 /* DeeDock/Dock/SemanticStacks/SemanticStackModels.swift */ = {isa = PBXFileReference; lastKnownFileType = sourcecode.swift; path = DeeDock/Dock/SemanticStacks/SemanticStackModels.swift; sourceTree = SOURCE_ROOT; };
		AB0600000000000000000001 /* DeeDock/Dock/Shelf/ShelfSemanticWarmupController.swift */ = {isa = PBXFileReference; lastKnownFileType = sourcecode.swift; path = DeeDock/Dock/Shelf/ShelfSemanticWarmupController.swift; sourceTree = SOURCE_ROOT; };
		AB0800000000000000000000 /* DeeDock/Dock/Capsules/SessionCapsuleModels.swift */ = {isa = PBXFileReference; lastKnownFileType = sourcecode.swift; path = DeeDock/Dock/Capsules/SessionCapsuleModels.swift; sourceTree = SOURCE_ROOT; };
		AB0800000000000000000001 /* DeeDock/Dock/Capsules/SessionCapsuleRepository.swift */ = {isa = PBXFileReference; lastKnownFileType = sourcecode.swift; path = DeeDock/Dock/Capsules/SessionCapsuleRepository.swift; sourceTree = SOURCE_ROOT; };
		AB0800000000000000000002 /* DeeDock/Dock/Capsules/SessionCapsuleController.swift */ = {isa = PBXFileReference; lastKnownFileType = sourcecode.swift; path = DeeDock/Dock/Capsules/SessionCapsuleController.swift; sourceTree = SOURCE_ROOT; };
		AB0800000000000000000003 /* DeeDock/Dock/Capsules/CapsuleGlyph.swift */ = {isa = PBXFileReference; lastKnownFileType = sourcecode.swift; path = DeeDock/Dock/Capsules/CapsuleGlyph.swift; sourceTree = SOURCE_ROOT; };
		AB0800000000000000000004 /* DeeDock/Dock/Capsules/SessionCapsuleApplicationIcons.swift */ = {isa = PBXFileReference; lastKnownFileType = sourcecode.swift; path = DeeDock/Dock/Capsules/SessionCapsuleApplicationIcons.swift; sourceTree = SOURCE_ROOT; };
		AC7100000000000000000002 /* DeeDock/Dock/Actions/ActionTile.swift */ = {isa = PBXFileReference; lastKnownFileType = sourcecode.swift; path = DeeDock/Dock/Actions/ActionTile.swift; sourceTree = SOURCE_ROOT; };
		AC7200000000000000000002 /* DeeDock/Dock/Focus/FocusSession.swift */ = {isa = PBXFileReference; lastKnownFileType = sourcecode.swift; path = DeeDock/Dock/Focus/FocusSession.swift; sourceTree = SOURCE_ROOT; };
		DD0000000000000000000003 /* DeeDockTests.xctest */ = {isa = PBXFileReference; explicitFileType = wrapper.cfbundle; path = DeeDockTests.xctest; sourceTree = BUILT_PRODUCTS_DIR; };
		DD2000000000000000000000 /* DeeDock/Dock/Models/ApplicationReference.swift */ = {isa = PBXFileReference; lastKnownFileType = sourcecode.swift; path = DeeDock/Dock/Models/ApplicationReference.swift; sourceTree = SOURCE_ROOT; };
		DD2000000000000000000001 /* DeeDock/Dock/Models/DockOrdering.swift */ = {isa = PBXFileReference; lastKnownFileType = sourcecode.swift; path = DeeDock/Dock/Models/DockOrdering.swift; sourceTree = SOURCE_ROOT; };
		DD2000000000000000000002 /* DeeDock/Dock/Persistence/FavoritesRepository.swift */ = {isa = PBXFileReference; lastKnownFileType = sourcecode.swift; path = DeeDock/Dock/Persistence/FavoritesRepository.swift; sourceTree = SOURCE_ROOT; };
		DD2000000000000000000003 /* DeeDock/Dock/Layout/DockGeometry.swift */ = {isa = PBXFileReference; lastKnownFileType = sourcecode.swift; path = DeeDock/Dock/Layout/DockGeometry.swift; sourceTree = SOURCE_ROOT; };
		DD5000000000000000000000 /* DeeDock/Settings/Models/DockSettings.swift */ = {isa = PBXFileReference; lastKnownFileType = sourcecode.swift; path = DeeDock/Settings/Models/DockSettings.swift; sourceTree = SOURCE_ROOT; };
		DD5000000000000000000001 /* DeeDock/Settings/Persistence/DockSettingsRepository.swift */ = {isa = PBXFileReference; lastKnownFileType = sourcecode.swift; path = DeeDock/Settings/Persistence/DockSettingsRepository.swift; sourceTree = SOURCE_ROOT; };
		DD5000000000000000000002 /* DeeDock/Dock/Layout/DockPlacement.swift */ = {isa = PBXFileReference; lastKnownFileType = sourcecode.swift; path = DeeDock/Dock/Layout/DockPlacement.swift; sourceTree = SOURCE_ROOT; };
		DD7000000000000000000000 /* DeeDock/Displays/Models/DisplaySnapshot.swift */ = {isa = PBXFileReference; lastKnownFileType = sourcecode.swift; path = DeeDock/Displays/Models/DisplaySnapshot.swift; sourceTree = SOURCE_ROOT; };
		DD7000000000000000000001 /* DeeDock/Settings/Profiles/DockSettingsOverrides.swift */ = {isa = PBXFileReference; lastKnownFileType = sourcecode.swift; path = DeeDock/Settings/Profiles/DockSettingsOverrides.swift; sourceTree = SOURCE_ROOT; };
		DD7000000000000000000002 /* DeeDock/Settings/Profiles/DisplayProfilesRepository.swift */ = {isa = PBXFileReference; lastKnownFileType = sourcecode.swift; path = DeeDock/Settings/Profiles/DisplayProfilesRepository.swift; sourceTree = SOURCE_ROOT; };
		DD7000000000000000000003 /* DeeDock/Settings/Profiles/DisplayProfilesStore.swift */ = {isa = PBXFileReference; lastKnownFileType = sourcecode.swift; path = DeeDock/Settings/Profiles/DisplayProfilesStore.swift; sourceTree = SOURCE_ROOT; };
		DD7000000000000000000004 /* DeeDock/Settings/State/DockSettingsStore.swift */ = {isa = PBXFileReference; lastKnownFileType = sourcecode.swift; path = DeeDock/Settings/State/DockSettingsStore.swift; sourceTree = SOURCE_ROOT; };
		DD7000000000000000000005 /* DeeDock/Dock/State/DockSession.swift */ = {isa = PBXFileReference; lastKnownFileType = sourcecode.swift; path = DeeDock/Dock/State/DockSession.swift; sourceTree = SOURCE_ROOT; };
		DD7000000000000000000006 /* DeeDock/Dock/State/ApplicationCatalog.swift */ = {isa = PBXFileReference; lastKnownFileType = sourcecode.swift; path = DeeDock/Dock/State/ApplicationCatalog.swift; sourceTree = SOURCE_ROOT; };
		DD7000000000000000000007 /* DeeDock/Dock/State/DockStore.swift */ = {isa = PBXFileReference; lastKnownFileType = sourcecode.swift; path = DeeDock/Dock/State/DockStore.swift; sourceTree = SOURCE_ROOT; };
		DD7000000000000000000008 /* DeeDock/Dock/Models/DockItem.swift */ = {isa = PBXFileReference; lastKnownFileType = sourcecode.swift; path = DeeDock/Dock/Models/DockItem.swift; sourceTree = SOURCE_ROOT; };
		DD7000000000000000000009 /* DeeDock/Dock/Services/ApplicationServicing.swift */ = {isa = PBXFileReference; lastKnownFileType = sourcecode.swift; path = DeeDock/Dock/Services/ApplicationServicing.swift; sourceTree = SOURCE_ROOT; };
		DD8000000000000000000001 /* DeeDock/Resources/Localizable.xcstrings */ = {isa = PBXFileReference; lastKnownFileType = text.json.xcstrings; path = DeeDock/Resources/Localizable.xcstrings; sourceTree = SOURCE_ROOT; };
		DDA000000000000000000000 /* DeeDock/Settings/Models/DockBehaviorSettings.swift */ = {isa = PBXFileReference; lastKnownFileType = sourcecode.swift; path = DeeDock/Settings/Models/DockBehaviorSettings.swift; sourceTree = SOURCE_ROOT; };
		DDA000000000000000000001 /* DeeDock/Dock/Visibility/DockAnimationStyle.swift */ = {isa = PBXFileReference; lastKnownFileType = sourcecode.swift; path = DeeDock/Dock/Visibility/DockAnimationStyle.swift; sourceTree = SOURCE_ROOT; };
		DDA000000000000000000002 /* DeeDock/Dock/Visibility/DockAnimationGeometry.swift */ = {isa = PBXFileReference; lastKnownFileType = sourcecode.swift; path = DeeDock/Dock/Visibility/DockAnimationGeometry.swift; sourceTree = SOURCE_ROOT; };
		DDA000000000000000000003 /* DeeDock/Dock/Visibility/DockActivationGeometry.swift */ = {isa = PBXFileReference; lastKnownFileType = sourcecode.swift; path = DeeDock/Dock/Visibility/DockActivationGeometry.swift; sourceTree = SOURCE_ROOT; };
		DDA000000000000000000004 /* DeeDock/Dock/Visibility/DockVisibilityState.swift */ = {isa = PBXFileReference; lastKnownFileType = sourcecode.swift; path = DeeDock/Dock/Visibility/DockVisibilityState.swift; sourceTree = SOURCE_ROOT; };
		DDA000000000000000000005 /* DeeDock/Dock/Visibility/DockVisibilityController.swift */ = {isa = PBXFileReference; lastKnownFileType = sourcecode.swift; path = DeeDock/Dock/Visibility/DockVisibilityController.swift; sourceTree = SOURCE_ROOT; };
		DDA000000000000000000006 /* DeeDock/Dock/Visibility/DockPreviewLease.swift */ = {isa = PBXFileReference; lastKnownFileType = sourcecode.swift; path = DeeDock/Dock/Visibility/DockPreviewLease.swift; sourceTree = SOURCE_ROOT; };
		DDB200000000000000000000 /* DeeDock/Dock/Dragging/DockPinEditing.swift */ = {isa = PBXFileReference; lastKnownFileType = sourcecode.swift; path = DeeDock/Dock/Dragging/DockPinEditing.swift; sourceTree = SOURCE_ROOT; };
		DDB200000000000000000001 /* DeeDock/Dock/Dragging/DockDragPresentation.swift */ = {isa = PBXFileReference; lastKnownFileType = sourcecode.swift; path = DeeDock/Dock/Dragging/DockDragPresentation.swift; sourceTree = SOURCE_ROOT; };
		DDB200000000000000000002 /* DeeDock/Dock/Services/ApplicationResourceAccess.swift */ = {isa = PBXFileReference; lastKnownFileType = sourcecode.swift; path = DeeDock/Dock/Services/ApplicationResourceAccess.swift; sourceTree = SOURCE_ROOT; };
		DDB200000000000000000003 /* DeeDock/Dock/Dragging/DockApplicationImporter.swift */ = {isa = PBXFileReference; lastKnownFileType = sourcecode.swift; path = DeeDock/Dock/Dragging/DockApplicationImporter.swift; sourceTree = SOURCE_ROOT; };
		DDC200000000000000000000 /* DeeDock/Dock/Layout/DockEdge.swift */ = {isa = PBXFileReference; lastKnownFileType = sourcecode.swift; path = DeeDock/Dock/Layout/DockEdge.swift; sourceTree = SOURCE_ROOT; };
		DDE200000000000000000000 /* DeeDock/Dock/Sections/DockAppVisibility.swift */ = {isa = PBXFileReference; lastKnownFileType = sourcecode.swift; path = DeeDock/Dock/Sections/DockAppVisibility.swift; sourceTree = SOURCE_ROOT; };
		DDE200000000000000000001 /* DeeDock/Dock/Sections/DockSectionState.swift */ = {isa = PBXFileReference; lastKnownFileType = sourcecode.swift; path = DeeDock/Dock/Sections/DockSectionState.swift; sourceTree = SOURCE_ROOT; };
		DDE200000000000000000002 /* DeeDock/Dock/Sections/DockSectionInsertion.swift */ = {isa = PBXFileReference; lastKnownFileType = sourcecode.swift; path = DeeDock/Dock/Sections/DockSectionInsertion.swift; sourceTree = SOURCE_ROOT; };
		DDE200000000000000000003 /* DeeDock/Dock/Tooltips/DockTooltipPreset.swift */ = {isa = PBXFileReference; lastKnownFileType = sourcecode.swift; path = DeeDock/Dock/Tooltips/DockTooltipPreset.swift; sourceTree = SOURCE_ROOT; };
		DDE200000000000000000004 /* DeeDock/Dock/Tooltips/DockTooltipController.swift */ = {isa = PBXFileReference; lastKnownFileType = sourcecode.swift; path = DeeDock/Dock/Tooltips/DockTooltipController.swift; sourceTree = SOURCE_ROOT; };
		DDE200000000000000000005 /* DeeDock/Dock/Tooltips/DockTooltipGeometry.swift */ = {isa = PBXFileReference; lastKnownFileType = sourcecode.swift; path = DeeDock/Dock/Tooltips/DockTooltipGeometry.swift; sourceTree = SOURCE_ROOT; };
		DDE200000000000000000006 /* DeeDock/Dock/State/DockInteraction.swift */ = {isa = PBXFileReference; lastKnownFileType = sourcecode.swift; path = DeeDock/Dock/State/DockInteraction.swift; sourceTree = SOURCE_ROOT; };
		DDE200000000000000000007 /* DeeDock/Dock/Visibility/DockIdleFadeController.swift */ = {isa = PBXFileReference; lastKnownFileType = sourcecode.swift; path = DeeDock/Dock/Visibility/DockIdleFadeController.swift; sourceTree = SOURCE_ROOT; };
		DDF200000000000000000000 /* DeeDock/Dock/Documents/DocumentResourceAccess.swift */ = {isa = PBXFileReference; lastKnownFileType = sourcecode.swift; path = DeeDock/Dock/Documents/DocumentResourceAccess.swift; sourceTree = SOURCE_ROOT; };
		DDF200000000000000000001 /* DeeDock/Dock/Documents/DockExternalPayload.swift */ = {isa = PBXFileReference; lastKnownFileType = sourcecode.swift; path = DeeDock/Dock/Documents/DockExternalPayload.swift; sourceTree = SOURCE_ROOT; };
		DDF200000000000000000002 /* DeeDock/Dock/Documents/DockDocumentTarget.swift */ = {isa = PBXFileReference; lastKnownFileType = sourcecode.swift; path = DeeDock/Dock/Documents/DockDocumentTarget.swift; sourceTree = SOURCE_ROOT; };
		DDF200000000000000000003 /* DeeDock/Dock/Documents/DockFilePickerController.swift */ = {isa = PBXFileReference; lastKnownFileType = sourcecode.swift; path = DeeDock/Dock/Documents/DockFilePickerController.swift; sourceTree = SOURCE_ROOT; };
		DDF400000000000000000000 /* DeeDock/Settings/General/LoginItemServicing.swift */ = {isa = PBXFileReference; lastKnownFileType = sourcecode.swift; path = DeeDock/Settings/General/LoginItemServicing.swift; sourceTree = SOURCE_ROOT; };
		DDF400000000000000000001 /* DeeDock/Settings/General/LoginItemController.swift */ = {isa = PBXFileReference; lastKnownFileType = sourcecode.swift; path = DeeDock/Settings/General/LoginItemController.swift; sourceTree = SOURCE_ROOT; };
		DDF400000000000000000002 /* DeeDock/Settings/General/SystemLoginItemService.swift */ = {isa = PBXFileReference; lastKnownFileType = sourcecode.swift; path = DeeDock/Settings/General/SystemLoginItemService.swift; sourceTree = SOURCE_ROOT; };
		DDF6000000000000000000000 /* DeeDock/Onboarding/Models/OnboardingStep.swift */ = {isa = PBXFileReference; lastKnownFileType = sourcecode.swift; path = DeeDock/Onboarding/Models/OnboardingStep.swift; sourceTree = SOURCE_ROOT; };
		DDF6000000000000000000001 /* DeeDock/Onboarding/Models/SystemDockReservation.swift */ = {isa = PBXFileReference; lastKnownFileType = sourcecode.swift; path = DeeDock/Onboarding/Models/SystemDockReservation.swift; sourceTree = SOURCE_ROOT; };
		DDF6000000000000000000002 /* DeeDock/Onboarding/Persistence/OnboardingRepository.swift */ = {isa = PBXFileReference; lastKnownFileType = sourcecode.swift; path = DeeDock/Onboarding/Persistence/OnboardingRepository.swift; sourceTree = SOURCE_ROOT; };
		DDF6000000000000000000003 /* DeeDock/Onboarding/State/OnboardingStore.swift */ = {isa = PBXFileReference; lastKnownFileType = sourcecode.swift; path = DeeDock/Onboarding/State/OnboardingStore.swift; sourceTree = SOURCE_ROOT; };
		DDF8000000000000000000000 /* DeeDock/Dock/Models/FolderReference.swift */ = {isa = PBXFileReference; lastKnownFileType = sourcecode.swift; path = DeeDock/Dock/Models/FolderReference.swift; sourceTree = SOURCE_ROOT; };
		DDF8000000000000000000001 /* DeeDock/Dock/Models/DockPin.swift */ = {isa = PBXFileReference; lastKnownFileType = sourcecode.swift; path = DeeDock/Dock/Models/DockPin.swift; sourceTree = SOURCE_ROOT; };
		DDF8000000000000000000002 /* DeeDock/Dock/Persistence/DockPinsRepository.swift */ = {isa = PBXFileReference; lastKnownFileType = sourcecode.swift; path = DeeDock/Dock/Persistence/DockPinsRepository.swift; sourceTree = SOURCE_ROOT; };
		DDF8000000000000000000003 /* DeeDock/Dock/Services/FolderResourceAccess.swift */ = {isa = PBXFileReference; lastKnownFileType = sourcecode.swift; path = DeeDock/Dock/Services/FolderResourceAccess.swift; sourceTree = SOURCE_ROOT; };
		DDF8000000000000000000004 /* DeeDock/Dock/Dragging/DockPinImporter.swift */ = {isa = PBXFileReference; lastKnownFileType = sourcecode.swift; path = DeeDock/Dock/Dragging/DockPinImporter.swift; sourceTree = SOURCE_ROOT; };
		DDF8000000000000000000005 /* DeeDock/Dock/Stacks/FolderStackEntry.swift */ = {isa = PBXFileReference; lastKnownFileType = sourcecode.swift; path = DeeDock/Dock/Stacks/FolderStackEntry.swift; sourceTree = SOURCE_ROOT; };
		DDF8000000000000000000006 /* DeeDock/Dock/Popover/DockPopoverGeometry.swift */ = {isa = PBXFileReference; lastKnownFileType = sourcecode.swift; path = DeeDock/Dock/Popover/DockPopoverGeometry.swift; sourceTree = SOURCE_ROOT; };
		DDF8000000000000000000007 /* DeeDock/Dock/Stacks/FolderStackState.swift */ = {isa = PBXFileReference; lastKnownFileType = sourcecode.swift; path = DeeDock/Dock/Stacks/FolderStackState.swift; sourceTree = SOURCE_ROOT; };
		DDF8000000000000000000008 /* DeeDock/Dock/Stacks/FolderDirectoryMonitor.swift */ = {isa = PBXFileReference; lastKnownFileType = sourcecode.swift; path = DeeDock/Dock/Stacks/FolderDirectoryMonitor.swift; sourceTree = SOURCE_ROOT; };
		DDFB00000000000000000000 /* DeeDock/Dock/Models/ApplicationMenu.swift */ = {isa = PBXFileReference; lastKnownFileType = sourcecode.swift; path = DeeDock/Dock/Models/ApplicationMenu.swift; sourceTree = SOURCE_ROOT; };
		DDFB00000000000000000001 /* DeeDock/Dock/Services/ApplicationMenuServicing.swift */ = {isa = PBXFileReference; lastKnownFileType = sourcecode.swift; path = DeeDock/Dock/Services/ApplicationMenuServicing.swift; sourceTree = SOURCE_ROOT; };
		DDFB00000000000000000002 /* DeeDock/Dock/Services/ApplicationWindowServicing.swift */ = {isa = PBXFileReference; lastKnownFileType = sourcecode.swift; path = DeeDock/Dock/Services/ApplicationWindowServicing.swift; sourceTree = SOURCE_ROOT; };
		DDFB00000000000000000003 /* DeeDock/Dock/Services/WindowAccessServicing.swift */ = {isa = PBXFileReference; lastKnownFileType = sourcecode.swift; path = DeeDock/Dock/Services/WindowAccessServicing.swift; sourceTree = SOURCE_ROOT; };
		DDFB00000000000000000004 /* DeeDock/Dock/State/ApplicationMenuController.swift */ = {isa = PBXFileReference; lastKnownFileType = sourcecode.swift; path = DeeDock/Dock/State/ApplicationMenuController.swift; sourceTree = SOURCE_ROOT; };
		DDFB00000000000000000005 /* DeeDock/Settings/General/WindowAccessController.swift */ = {isa = PBXFileReference; lastKnownFileType = sourcecode.swift; path = DeeDock/Settings/General/WindowAccessController.swift; sourceTree = SOURCE_ROOT; };
		DDFC00000000000000000002 /* DeeDock/Dock/Services/TrashController.swift */ = {isa = PBXFileReference; lastKnownFileType = sourcecode.swift; path = DeeDock/Dock/Services/TrashController.swift; sourceTree = SOURCE_ROOT; };
		DEE400000000000000000002 /* Sparkle-LICENSE.txt */ = {isa = PBXFileReference; lastKnownFileType = text; name = "Sparkle-LICENSE.txt"; path = "ThirdParty/Sparkle-LICENSE.txt"; sourceTree = "<group>"; };
/* End PBXFileReference section */

/* Begin PBXFileSystemSynchronizedRootGroup section */
		000000000000000000000010 /* DeeDock */ = {
			isa = PBXFileSystemSynchronizedRootGroup;
			path = DeeDock;
			sourceTree = "<group>";
		};
		DD0000000000000000000004 /* DeeDockTests */ = {
			isa = PBXFileSystemSynchronizedRootGroup;
			path = DeeDockTests;
			sourceTree = "<group>";
		};
/* End PBXFileSystemSynchronizedRootGroup section */

/* Begin PBXFrameworksBuildPhase section */
		000000000000000130000000 /* Frameworks */ = {
			isa = PBXFrameworksBuildPhase;
			files = (
				2AD77656445F63DC6A1001D9 /* Sparkle in Frameworks */,
			);
		};
		14FA4413957E93FAAFDD77B6 /* Frameworks */ = {
			isa = PBXFrameworksBuildPhase;
			files = (
			);
		};
		DD0000000000000000000005 /* Frameworks */ = {
			isa = PBXFrameworksBuildPhase;
			files = (
			);
		};
/* End PBXFrameworksBuildPhase section */

/* Begin PBXGroup section */
		000000000000000000000001 = {
			isa = PBXGroup;
			children = (
				000000000000000000000010 /* DeeDock */,
				DD0000000000000000000004 /* DeeDockTests */,
				DD3000000000000000000000 /* Test Model Sources */,
				000000000000000000000020 /* Products */,
				33DEF2FA3049A63A007D87CE /* Recovered References */,
				33DE04A8304AA89B007D87CE /* Frameworks */,
				0EE3B5E31B6358B0F2F32162 /* App.xcconfig */,
				DEE400000000000000000002 /* Sparkle-LICENSE.txt */,
			);
			sourceTree = "<group>";
		};
		000000000000000000000020 /* Products */ = {
			isa = PBXGroup;
			children = (
				000000000000000000000120 /* DeeDock.app */,
				DD0000000000000000000003 /* DeeDockTests.xctest */,
				525BD98535225C6EE024849D /* DeeDock.app */,
			);
			name = Products;
			sourceTree = "<group>";
		};
		33DE04A8304AA89B007D87CE /* Frameworks */ = {
			isa = PBXGroup;
			children = (
				33DE04A9304AA89B007D87CE /* FoundationModels.framework */,
			);
			name = Frameworks;
			sourceTree = "<group>";
		};
		33DEF2FA3049A63A007D87CE /* Recovered References */ = {
			isa = PBXGroup;
			children = (
				DDE200000000000000000007 /* DeeDock/Dock/Visibility/DockIdleFadeController.swift */,
				DDE200000000000000000006 /* DeeDock/Dock/State/DockInteraction.swift */,
				DDE200000000000000000005 /* DeeDock/Dock/Tooltips/DockTooltipGeometry.swift */,
				DDE200000000000000000004 /* DeeDock/Dock/Tooltips/DockTooltipController.swift */,
				DDE200000000000000000003 /* DeeDock/Dock/Tooltips/DockTooltipPreset.swift */,
				DDE200000000000000000002 /* DeeDock/Dock/Sections/DockSectionInsertion.swift */,
				DDE200000000000000000001 /* DeeDock/Dock/Sections/DockSectionState.swift */,
				DDE200000000000000000000 /* DeeDock/Dock/Sections/DockAppVisibility.swift */,
			);
			name = "Recovered References";
			sourceTree = "<group>";
		};
		DD3000000000000000000000 /* Test Model Sources */ = {
			isa = PBXGroup;
			children = (
				AB0200000000000000000000 /* DeeDock/Settings/Models/WindowPeekSettings.swift */,
				AB0200000000000000000001 /* DeeDock/Modes/Models/DockMode.swift */,
				AB0200000000000000000002 /* DeeDock/Modes/Persistence/DockModesRepository.swift */,
				AB0200000000000000000003 /* DeeDock/Modes/State/DockModesStore.swift */,
				AB0200000000000000000004 /* DeeDock/Modes/Picker/DockModePickerGeometry.swift */,
				AB0200000000000000000005 /* DeeDock/Modes/Picker/DockModePickerState.swift */,
				AB0200000000000000000006 /* DeeDock/Dock/Peek/WindowPeekModels.swift */,
				AB0200000000000000000007 /* DeeDock/Dock/Peek/WindowPeekGeometry.swift */,
				AB0200000000000000000008 /* DeeDock/Dock/Peek/WindowThumbnailService.swift */,
				AB0200000000000000000009 /* DeeDock/Dock/Services/ScreenCaptureAccessServicing.swift */,
				AB020000000000000000000A /* DeeDock/Settings/Previews/ScreenCaptureAccessController.swift */,
				DDFB00000000000000000000 /* DeeDock/Dock/Models/ApplicationMenu.swift */,
				DDFB00000000000000000001 /* DeeDock/Dock/Services/ApplicationMenuServicing.swift */,
				DDFB00000000000000000002 /* DeeDock/Dock/Services/ApplicationWindowServicing.swift */,
				DDFB00000000000000000003 /* DeeDock/Dock/Services/WindowAccessServicing.swift */,
				DDFB00000000000000000004 /* DeeDock/Dock/State/ApplicationMenuController.swift */,
				DDFB00000000000000000005 /* DeeDock/Settings/General/WindowAccessController.swift */,
				DDFC00000000000000000002 /* DeeDock/Dock/Services/TrashController.swift */,
				DDF8000000000000000000000 /* DeeDock/Dock/Models/FolderReference.swift */,
				DDF8000000000000000000001 /* DeeDock/Dock/Models/DockPin.swift */,
				AB0300000000000000000000 /* DeeDock/Dock/Shelf/ShelfItem.swift */,
				AB0300000000000000000004 /* DeeDock/Dock/Shelf/ShelfSelection.swift */,
				AB0300000000000000000001 /* DeeDock/Dock/Shelf/ShelfRepository.swift */,
				AB0300000000000000000002 /* DeeDock/Dock/Shelf/ShelfResourceAccess.swift */,
				AB0300000000000000000003 /* DeeDock/Dock/Shelf/ShelfController.swift */,
				AB0600000000000000000000 /* DeeDock/Dock/SemanticStacks/SemanticStackModels.swift */,
				AB0600000000000000000001 /* DeeDock/Dock/Shelf/ShelfSemanticWarmupController.swift */,
				AB0800000000000000000000 /* DeeDock/Dock/Capsules/SessionCapsuleModels.swift */,
				AC7200000000000000000002 /* DeeDock/Dock/Focus/FocusSession.swift */,
				AC7100000000000000000002 /* DeeDock/Dock/Actions/ActionTile.swift */,
				AB0800000000000000000001 /* DeeDock/Dock/Capsules/SessionCapsuleRepository.swift */,
				AB0800000000000000000002 /* DeeDock/Dock/Capsules/SessionCapsuleController.swift */,
				AB0800000000000000000003 /* DeeDock/Dock/Capsules/CapsuleGlyph.swift */,
				AB0800000000000000000004 /* DeeDock/Dock/Capsules/SessionCapsuleApplicationIcons.swift */,
				DDF8000000000000000000002 /* DeeDock/Dock/Persistence/DockPinsRepository.swift */,
				DDF8000000000000000000003 /* DeeDock/Dock/Services/FolderResourceAccess.swift */,
				DDF8000000000000000000004 /* DeeDock/Dock/Dragging/DockPinImporter.swift */,
				DDF8000000000000000000005 /* DeeDock/Dock/Stacks/FolderStackEntry.swift */,
				DDF8000000000000000000006 /* DeeDock/Dock/Popover/DockPopoverGeometry.swift */,
				DDF8000000000000000000007 /* DeeDock/Dock/Stacks/FolderStackState.swift */,
				DDF8000000000000000000008 /* DeeDock/Dock/Stacks/FolderDirectoryMonitor.swift */,
				DDF6000000000000000000000 /* DeeDock/Onboarding/Models/OnboardingStep.swift */,
				DDF6000000000000000000001 /* DeeDock/Onboarding/Models/SystemDockReservation.swift */,
				DDF6000000000000000000002 /* DeeDock/Onboarding/Persistence/OnboardingRepository.swift */,
				DDF6000000000000000000003 /* DeeDock/Onboarding/State/OnboardingStore.swift */,
				DDF400000000000000000002 /* DeeDock/Settings/General/SystemLoginItemService.swift */,
				DDF400000000000000000001 /* DeeDock/Settings/General/LoginItemController.swift */,
				DDF400000000000000000000 /* DeeDock/Settings/General/LoginItemServicing.swift */,
				DDF200000000000000000003 /* DeeDock/Dock/Documents/DockFilePickerController.swift */,
				DDF200000000000000000002 /* DeeDock/Dock/Documents/DockDocumentTarget.swift */,
				DDF200000000000000000001 /* DeeDock/Dock/Documents/DockExternalPayload.swift */,
				DDF200000000000000000000 /* DeeDock/Dock/Documents/DocumentResourceAccess.swift */,
				DDC200000000000000000000 /* DeeDock/Dock/Layout/DockEdge.swift */,
				DDB200000000000000000003 /* DeeDock/Dock/Dragging/DockApplicationImporter.swift */,
				DDB200000000000000000002 /* DeeDock/Dock/Services/ApplicationResourceAccess.swift */,
				DDB200000000000000000001 /* DeeDock/Dock/Dragging/DockDragPresentation.swift */,
				DDB200000000000000000000 /* DeeDock/Dock/Dragging/DockPinEditing.swift */,
				DDA000000000000000000006 /* DeeDock/Dock/Visibility/DockPreviewLease.swift */,
				DDA000000000000000000005 /* DeeDock/Dock/Visibility/DockVisibilityController.swift */,
				DDA000000000000000000004 /* DeeDock/Dock/Visibility/DockVisibilityState.swift */,
				DDA000000000000000000003 /* DeeDock/Dock/Visibility/DockActivationGeometry.swift */,
				DDA000000000000000000002 /* DeeDock/Dock/Visibility/DockAnimationGeometry.swift */,
				DDA000000000000000000001 /* DeeDock/Dock/Visibility/DockAnimationStyle.swift */,
				DDA000000000000000000000 /* DeeDock/Settings/Models/DockBehaviorSettings.swift */,
				DD8000000000000000000001 /* DeeDock/Resources/Localizable.xcstrings */,
				DD7000000000000000000009 /* DeeDock/Dock/Services/ApplicationServicing.swift */,
				DD7000000000000000000008 /* DeeDock/Dock/Models/DockItem.swift */,
				DD7000000000000000000007 /* DeeDock/Dock/State/DockStore.swift */,
				DD7000000000000000000006 /* DeeDock/Dock/State/ApplicationCatalog.swift */,
				DD7000000000000000000005 /* DeeDock/Dock/State/DockSession.swift */,
				DD7000000000000000000004 /* DeeDock/Settings/State/DockSettingsStore.swift */,
				DD7000000000000000000003 /* DeeDock/Settings/Profiles/DisplayProfilesStore.swift */,
				DD7000000000000000000002 /* DeeDock/Settings/Profiles/DisplayProfilesRepository.swift */,
				DD7000000000000000000001 /* DeeDock/Settings/Profiles/DockSettingsOverrides.swift */,
				DD7000000000000000000000 /* DeeDock/Displays/Models/DisplaySnapshot.swift */,
				DD5000000000000000000002 /* DeeDock/Dock/Layout/DockPlacement.swift */,
				DD5000000000000000000001 /* DeeDock/Settings/Persistence/DockSettingsRepository.swift */,
				DD5000000000000000000000 /* DeeDock/Settings/Models/DockSettings.swift */,
				DD2000000000000000000000 /* DeeDock/Dock/Models/ApplicationReference.swift */,
				DD2000000000000000000001 /* DeeDock/Dock/Models/DockOrdering.swift */,
				DD2000000000000000000002 /* DeeDock/Dock/Persistence/FavoritesRepository.swift */,
				DD2000000000000000000003 /* DeeDock/Dock/Layout/DockGeometry.swift */,
			);
			name = "Test Model Sources";
			sourceTree = "<group>";
		};
/* End PBXGroup section */

/* Begin PBXNativeTarget section */
		000000000000000100000000 /* DeeDock */ = {
			isa = PBXNativeTarget;
			buildConfigurationList = 000000000000000110000000 /* Build configuration list for PBXNativeTarget "DeeDock" */;
			buildPhases = (
				000000000000000120000000 /* Sources */,
				000000000000000130000000 /* Frameworks */,
				000000000000000140000000 /* Resources */,
				A5A968D9636D387DCD7B9F33 /* Validate direct updater configuration */,
			);
			buildRules = (
			);
			fileSystemSynchronizedGroups = (
				000000000000000000000010 /* DeeDock */,
			);
			name = DeeDock;
			packageProductDependencies = (
				C7F376D8610F320F205B46E7 /* Sparkle */,
			);
			productName = MyApp;
			productReference = 000000000000000000000120 /* DeeDock.app */;
			productType = "com.apple.product-type.application";
		};
		7C2885433F43592EF492D80F /* DeeDock-TestFlight */ = {
			isa = PBXNativeTarget;
			buildConfigurationList = A699A85E4BEDB630913E6016 /* Build configuration list for PBXNativeTarget "DeeDock-TestFlight" */;
			buildPhases = (
				09C4672B70E9497ED199B2DF /* Sources */,
				14FA4413957E93FAAFDD77B6 /* Frameworks */,
				0DAD087831ADC2A21667D035 /* Resources */,
			);
			buildRules = (
			);
			fileSystemSynchronizedGroups = (
				000000000000000000000010 /* DeeDock */,
			);
			name = "DeeDock-TestFlight";
			productName = "DeeDock-TestFlight";
			productReference = 525BD98535225C6EE024849D /* DeeDock.app */;
			productType = "com.apple.product-type.application";
		};
		DD0000000000000000000006 /* DeeDockTests */ = {
			isa = PBXNativeTarget;
			buildConfigurationList = DD0000000000000000000007 /* Build configuration list for PBXNativeTarget "DeeDockTests" */;
			buildPhases = (
				DD0000000000000000000008 /* Sources */,
				DD0000000000000000000005 /* Frameworks */,
				DD8000000000000000000002 /* Resources */,
			);
			buildRules = (
			);
			fileSystemSynchronizedGroups = (
				DD0000000000000000000004 /* DeeDockTests */,
			);
			name = DeeDockTests;
			productName = DeeDockTests;
			productReference = DD0000000000000000000003 /* DeeDockTests.xctest */;
			productType = "com.apple.product-type.bundle.unit-test";
		};
/* End PBXNativeTarget section */

/* Begin PBXProject section */
		000000000000000000000000 /* Project object */ = {
			isa = PBXProject;
			attributes = {
				BuildIndependentTargetsInParallel = 1;
				LastSwiftUpdateCheck = 2630;
				LastUpgradeCheck = 2700;
				TargetAttributes = {
					000000000000000100000000 = {
						CreatedOnToolsVersion = 26.3;
					};
				};
			};
			buildConfigurationList = 000000000000000010000000 /* Build configuration list for PBXProject "DeeDock" */;
			developmentRegion = en;
			hasScannedForEncodings = 0;
			knownRegions = (
				en,
				Base,
				de,
			);
			mainGroup = 000000000000000000000001;
			minimizedProjectReferenceProxies = 1;
			packageReferences = (
				81630C8DE54D7D27B0AA3138 /* XCRemoteSwiftPackageReference "Sparkle" */,
			);
			preferredProjectObjectVersion = 90;
			productRefGroup = 000000000000000000000020 /* Products */;
			projectDirPath = "";
			projectRoot = "";
			targets = (
				000000000000000100000000 /* DeeDock */,
				DD0000000000000000000006 /* DeeDockTests */,
				7C2885433F43592EF492D80F /* DeeDock-TestFlight */,
			);
		};
/* End PBXProject section */

/* Begin PBXResourcesBuildPhase section */
		000000000000000140000000 /* Resources */ = {
			isa = PBXResourcesBuildPhase;
			files = (
				DEE400000000000000000001 /* Sparkle-LICENSE.txt in Resources */,
			);
		};
		0DAD087831ADC2A21667D035 /* Resources */ = {
			isa = PBXResourcesBuildPhase;
			files = (
			);
		};
		DD8000000000000000000002 /* Resources */ = {
			isa = PBXResourcesBuildPhase;
			files = (
				DD8000000000000000000000 /* DeeDock/Resources/Localizable.xcstrings in Resources */,
			);
		};
/* End PBXResourcesBuildPhase section */

/* Begin PBXShellScriptBuildPhase section */
		A5A968D9636D387DCD7B9F33 /* Validate direct updater configuration */ = {
			isa = PBXShellScriptBuildPhase;
			alwaysOutOfDate = 1;
			inputPaths = (
				"$(SRCROOT)/scripts/validate-updater-configuration.sh",
			);
			name = "Validate direct updater configuration";
			shellPath = /bin/sh;
			shellScript = (
				"/bin/sh \"${SRCROOT}/scripts/validate-updater-configuration.sh\"",
			);
		};
/* End PBXShellScriptBuildPhase section */

/* Begin PBXSourcesBuildPhase section */
		000000000000000120000000 /* Sources */ = {
			isa = PBXSourcesBuildPhase;
			files = (
			);
		};
		09C4672B70E9497ED199B2DF /* Sources */ = {
			isa = PBXSourcesBuildPhase;
			files = (
			);
		};
		DD0000000000000000000008 /* Sources */ = {
			isa = PBXSourcesBuildPhase;
			files = (
				AB0100000000000000000000 /* DeeDock/Settings/Models/WindowPeekSettings.swift in Sources */,
				AB0100000000000000000001 /* DeeDock/Modes/Models/DockMode.swift in Sources */,
				AB0100000000000000000002 /* DeeDock/Modes/Persistence/DockModesRepository.swift in Sources */,
				AB0100000000000000000003 /* DeeDock/Modes/State/DockModesStore.swift in Sources */,
				AB0100000000000000000004 /* DeeDock/Modes/Picker/DockModePickerGeometry.swift in Sources */,
				AB0100000000000000000005 /* DeeDock/Modes/Picker/DockModePickerState.swift in Sources */,
				AB0100000000000000000006 /* DeeDock/Dock/Peek/WindowPeekModels.swift in Sources */,
				AB0100000000000000000007 /* DeeDock/Dock/Peek/WindowPeekGeometry.swift in Sources */,
				AB0100000000000000000008 /* DeeDock/Dock/Peek/WindowThumbnailService.swift in Sources */,
				AB0100000000000000000009 /* DeeDock/Dock/Services/ScreenCaptureAccessServicing.swift in Sources */,
				AB010000000000000000000A /* DeeDock/Settings/Previews/ScreenCaptureAccessController.swift in Sources */,
				DDFA00000000000000000000 /* DeeDock/Dock/Models/ApplicationMenu.swift in Sources */,
				DDFA00000000000000000001 /* DeeDock/Dock/Services/ApplicationMenuServicing.swift in Sources */,
				DDFA00000000000000000002 /* DeeDock/Dock/Services/ApplicationWindowServicing.swift in Sources */,
				DDFA00000000000000000003 /* DeeDock/Dock/Services/WindowAccessServicing.swift in Sources */,
				DDFA00000000000000000004 /* DeeDock/Dock/State/ApplicationMenuController.swift in Sources */,
				DDFA00000000000000000005 /* DeeDock/Settings/General/WindowAccessController.swift in Sources */,
				DDFC00000000000000000001 /* DeeDock/Dock/Services/TrashController.swift in Sources */,
				DDF7000000000000000000000 /* DeeDock/Dock/Models/FolderReference.swift in Sources */,
				DDF7000000000000000000001 /* DeeDock/Dock/Models/DockPin.swift in Sources */,
				AB0400000000000000000000 /* DeeDock/Dock/Shelf/ShelfItem.swift in Sources */,
				AB0400000000000000000004 /* DeeDock/Dock/Shelf/ShelfSelection.swift in Sources */,
				AB0400000000000000000001 /* DeeDock/Dock/Shelf/ShelfRepository.swift in Sources */,
				AB0400000000000000000002 /* DeeDock/Dock/Shelf/ShelfResourceAccess.swift in Sources */,
				AB0400000000000000000003 /* DeeDock/Dock/Shelf/ShelfController.swift in Sources */,
				AB0500000000000000000000 /* DeeDock/Dock/SemanticStacks/SemanticStackModels.swift in Sources */,
				AB0500000000000000000001 /* DeeDock/Dock/Shelf/ShelfSemanticWarmupController.swift in Sources */,
				AB0700000000000000000000 /* DeeDock/Dock/Capsules/SessionCapsuleModels.swift in Sources */,
				AC7200000000000000000001 /* DeeDock/Dock/Focus/FocusSession.swift in Sources */,
				AC7100000000000000000001 /* DeeDock/Dock/Actions/ActionTile.swift in Sources */,
				AB0700000000000000000001 /* DeeDock/Dock/Capsules/SessionCapsuleRepository.swift in Sources */,
				AB0700000000000000000002 /* DeeDock/Dock/Capsules/SessionCapsuleController.swift in Sources */,
				AB0700000000000000000003 /* DeeDock/Dock/Capsules/CapsuleGlyph.swift in Sources */,
				AB0700000000000000000004 /* DeeDock/Dock/Capsules/SessionCapsuleApplicationIcons.swift in Sources */,
				DDF7000000000000000000002 /* DeeDock/Dock/Persistence/DockPinsRepository.swift in Sources */,
				DDF7000000000000000000003 /* DeeDock/Dock/Services/FolderResourceAccess.swift in Sources */,
				DDF7000000000000000000004 /* DeeDock/Dock/Dragging/DockPinImporter.swift in Sources */,
				DDF7000000000000000000005 /* DeeDock/Dock/Stacks/FolderStackEntry.swift in Sources */,
				DDF7000000000000000000006 /* DeeDock/Dock/Popover/DockPopoverGeometry.swift in Sources */,
				DDF7000000000000000000007 /* DeeDock/Dock/Stacks/FolderStackState.swift in Sources */,
				DDF7000000000000000000008 /* DeeDock/Dock/Stacks/FolderDirectoryMonitor.swift in Sources */,
				DDF5000000000000000000000 /* DeeDock/Onboarding/Models/OnboardingStep.swift in Sources */,
				DDF5000000000000000000001 /* DeeDock/Onboarding/Models/SystemDockReservation.swift in Sources */,
				DDF5000000000000000000002 /* DeeDock/Onboarding/Persistence/OnboardingRepository.swift in Sources */,
				DDF5000000000000000000003 /* DeeDock/Onboarding/State/OnboardingStore.swift in Sources */,
				DDF300000000000000000002 /* DeeDock/Settings/General/SystemLoginItemService.swift in Sources */,
				DDF300000000000000000001 /* DeeDock/Settings/General/LoginItemController.swift in Sources */,
				DDF300000000000000000000 /* DeeDock/Settings/General/LoginItemServicing.swift in Sources */,
				DDF100000000000000000003 /* DeeDock/Dock/Documents/DockFilePickerController.swift in Sources */,
				DDF100000000000000000002 /* DeeDock/Dock/Documents/DockDocumentTarget.swift in Sources */,
				DDF100000000000000000001 /* DeeDock/Dock/Documents/DockExternalPayload.swift in Sources */,
				DDF100000000000000000000 /* DeeDock/Dock/Documents/DocumentResourceAccess.swift in Sources */,
				DDE100000000000000000007 /* DeeDock/Dock/Visibility/DockIdleFadeController.swift in Sources */,
				DDE100000000000000000006 /* DeeDock/Dock/State/DockInteraction.swift in Sources */,
				DDE100000000000000000005 /* DeeDock/Dock/Tooltips/DockTooltipGeometry.swift in Sources */,
				DDE100000000000000000004 /* DeeDock/Dock/Tooltips/DockTooltipController.swift in Sources */,
				DDE100000000000000000003 /* DeeDock/Dock/Tooltips/DockTooltipPreset.swift in Sources */,
				DDE100000000000000000002 /* DeeDock/Dock/Sections/DockSectionInsertion.swift in Sources */,
				DDE100000000000000000001 /* DeeDock/Dock/Sections/DockSectionState.swift in Sources */,
				DDE100000000000000000000 /* DeeDock/Dock/Sections/DockAppVisibility.swift in Sources */,
				DDC100000000000000000000 /* DeeDock/Dock/Layout/DockEdge.swift in Sources */,
				DD9000000000000000000006 /* DeeDock/Dock/Visibility/DockPreviewLease.swift in Sources */,
				DD9000000000000000000005 /* DeeDock/Dock/Visibility/DockVisibilityController.swift in Sources */,
				DD9000000000000000000004 /* DeeDock/Dock/Visibility/DockVisibilityState.swift in Sources */,
				DD9000000000000000000003 /* DeeDock/Dock/Visibility/DockActivationGeometry.swift in Sources */,
				DD9000000000000000000002 /* DeeDock/Dock/Visibility/DockAnimationGeometry.swift in Sources */,
				DD9000000000000000000001 /* DeeDock/Dock/Visibility/DockAnimationStyle.swift in Sources */,
				DD9000000000000000000000 /* DeeDock/Settings/Models/DockBehaviorSettings.swift in Sources */,
				DD6000000000000000000009 /* DeeDock/Dock/Services/ApplicationServicing.swift in Sources */,
				DD6000000000000000000008 /* DeeDock/Dock/Models/DockItem.swift in Sources */,
				DD6000000000000000000007 /* DeeDock/Dock/State/DockStore.swift in Sources */,
				DD6000000000000000000006 /* DeeDock/Dock/State/ApplicationCatalog.swift in Sources */,
				DD6000000000000000000005 /* DeeDock/Dock/State/DockSession.swift in Sources */,
				DD6000000000000000000004 /* DeeDock/Settings/State/DockSettingsStore.swift in Sources */,
				DD6000000000000000000003 /* DeeDock/Settings/Profiles/DisplayProfilesStore.swift in Sources */,
				DD6000000000000000000002 /* DeeDock/Settings/Profiles/DisplayProfilesRepository.swift in Sources */,
				DD6000000000000000000001 /* DeeDock/Settings/Profiles/DockSettingsOverrides.swift in Sources */,
				DD6000000000000000000000 /* DeeDock/Displays/Models/DisplaySnapshot.swift in Sources */,
				DD4000000000000000000002 /* DeeDock/Dock/Layout/DockPlacement.swift in Sources */,
				DD4000000000000000000001 /* DeeDock/Settings/Persistence/DockSettingsRepository.swift in Sources */,
				DD4000000000000000000000 /* DeeDock/Settings/Models/DockSettings.swift in Sources */,
				DD1000000000000000000000 /* DeeDock/Dock/Models/ApplicationReference.swift in Sources */,
				DDB100000000000000000003 /* DeeDock/Dock/Dragging/DockApplicationImporter.swift in Sources */,
				DDB100000000000000000002 /* DeeDock/Dock/Services/ApplicationResourceAccess.swift in Sources */,
				DDB100000000000000000001 /* DeeDock/Dock/Dragging/DockDragPresentation.swift in Sources */,
				DDB100000000000000000000 /* DeeDock/Dock/Dragging/DockPinEditing.swift in Sources */,
				DD1000000000000000000001 /* DeeDock/Dock/Models/DockOrdering.swift in Sources */,
				DD1000000000000000000002 /* DeeDock/Dock/Persistence/FavoritesRepository.swift in Sources */,
				DD1000000000000000000003 /* DeeDock/Dock/Layout/DockGeometry.swift in Sources */,
			);
		};
/* End PBXSourcesBuildPhase section */

/* Begin XCBuildConfiguration section */
		000000000000000011000000 /* Debug configuration for PBXProject "DeeDock" */ = {
			isa = XCBuildConfiguration;
			buildSettings = {
				ALWAYS_SEARCH_USER_PATHS = NO;
				APPLETVOS_DEPLOYMENT_TARGET = 27.0;
				ASSETCATALOG_COMPILER_GENERATE_SWIFT_ASSET_SYMBOL_EXTENSIONS = YES;
				CLANG_ANALYZER_NONNULL = YES;
				CLANG_ANALYZER_NUMBER_OBJECT_CONVERSION = YES_AGGRESSIVE;
				CLANG_CXX_LANGUAGE_STANDARD = "gnu++20";
				CLANG_ENABLE_MODULES = YES;
				CLANG_ENABLE_OBJC_ARC = YES;
				CLANG_ENABLE_OBJC_WEAK = YES;
				CLANG_WARN_BLOCK_CAPTURE_AUTORELEASING = YES;
				CLANG_WARN_BOOL_CONVERSION = YES;
				CLANG_WARN_COMMA = YES;
				CLANG_WARN_CONSTANT_CONVERSION = YES;
				CLANG_WARN_DEPRECATED_OBJC_IMPLEMENTATIONS = YES;
				CLANG_WARN_DIRECT_OBJC_ISA_USAGE = YES_ERROR;
				CLANG_WARN_DOCUMENTATION_COMMENTS = YES;
				CLANG_WARN_EMPTY_BODY = YES;
				CLANG_WARN_ENUM_CONVERSION = YES;
				CLANG_WARN_INFINITE_RECURSION = YES;
				CLANG_WARN_INT_CONVERSION = YES;
				CLANG_WARN_NON_LITERAL_NULL_CONVERSION = YES;
				CLANG_WARN_OBJC_IMPLICIT_RETAIN_SELF = YES;
				CLANG_WARN_OBJC_LITERAL_CONVERSION = YES;
				CLANG_WARN_OBJC_ROOT_CLASS = YES_ERROR;
				CLANG_WARN_QUOTED_INCLUDE_IN_FRAMEWORK_HEADER = YES;
				CLANG_WARN_RANGE_LOOP_ANALYSIS = YES;
				CLANG_WARN_STRICT_PROTOTYPES = YES;
				CLANG_WARN_SUSPICIOUS_MOVE = YES;
				CLANG_WARN_UNGUARDED_AVAILABILITY = YES_AGGRESSIVE;
				CLANG_WARN_UNREACHABLE_CODE = YES;
				CLANG_WARN__DUPLICATE_METHOD_MATCH = YES;
				COPY_PHASE_STRIP = NO;
				DEAD_CODE_STRIPPING = YES;
				DEBUG_INFORMATION_FORMAT = dwarf;
				DRIVERKIT_DEPLOYMENT_TARGET = 27.0;
				ENABLE_STRICT_OBJC_MSGSEND = YES;
				ENABLE_TESTABILITY = YES;
				ENABLE_USER_SCRIPT_SANDBOXING = YES;
				GCC_C_LANGUAGE_STANDARD = gnu17;
				GCC_DYNAMIC_NO_PIC = NO;
				GCC_NO_COMMON_BLOCKS = YES;
				GCC_OPTIMIZATION_LEVEL = 0;
				GCC_PREPROCESSOR_DEFINITIONS = (
					"DEBUG=1",
					"$(inherited)",
				);
				GCC_WARN_64_TO_32_BIT_CONVERSION = YES;
				GCC_WARN_ABOUT_RETURN_TYPE = YES_ERROR;
				GCC_WARN_UNDECLARED_SELECTOR = YES;
				GCC_WARN_UNINITIALIZED_AUTOS = YES_AGGRESSIVE;
				GCC_WARN_UNUSED_FUNCTION = YES;
				GCC_WARN_UNUSED_VARIABLE = YES;
				IPHONEOS_DEPLOYMENT_TARGET = 27.0;
				LOCALIZATION_PREFERS_STRING_CATALOGS = YES;
				MACOSX_DEPLOYMENT_TARGET = 27.0;
				MTL_ENABLE_DEBUG_INFO = INCLUDE_SOURCE;
				MTL_FAST_MATH = YES;
				ONLY_ACTIVE_ARCH = YES;
				PROJECT_UNIQUE_VALUE = WQHC2WXA;
				STRING_CATALOG_GENERATE_SYMBOLS = YES;
				SWIFT_ACTIVE_COMPILATION_CONDITIONS = "DEBUG $(inherited)";
				SWIFT_EMIT_LOC_STRINGS = YES;
				SWIFT_OPTIMIZATION_LEVEL = "-Onone";
				WATCHOS_DEPLOYMENT_TARGET = 27.0;
				XROS_DEPLOYMENT_TARGET = 27.0;
			};
			name = Debug;
		};
		000000000000000012000000 /* Release configuration for PBXProject "DeeDock" */ = {
			isa = XCBuildConfiguration;
			buildSettings = {
				ALWAYS_SEARCH_USER_PATHS = NO;
				APPLETVOS_DEPLOYMENT_TARGET = 27.0;
				ASSETCATALOG_COMPILER_GENERATE_SWIFT_ASSET_SYMBOL_EXTENSIONS = YES;
				CLANG_ANALYZER_NONNULL = YES;
				CLANG_ANALYZER_NUMBER_OBJECT_CONVERSION = YES_AGGRESSIVE;
				CLANG_CXX_LANGUAGE_STANDARD = "gnu++20";
				CLANG_ENABLE_MODULES = YES;
				CLANG_ENABLE_OBJC_ARC = YES;
				CLANG_ENABLE_OBJC_WEAK = YES;
				CLANG_WARN_BLOCK_CAPTURE_AUTORELEASING = YES;
				CLANG_WARN_BOOL_CONVERSION = YES;
				CLANG_WARN_COMMA = YES;
				CLANG_WARN_CONSTANT_CONVERSION = YES;
				CLANG_WARN_DEPRECATED_OBJC_IMPLEMENTATIONS = YES;
				CLANG_WARN_DIRECT_OBJC_ISA_USAGE = YES_ERROR;
				CLANG_WARN_DOCUMENTATION_COMMENTS = YES;
				CLANG_WARN_EMPTY_BODY = YES;
				CLANG_WARN_ENUM_CONVERSION = YES;
				CLANG_WARN_INFINITE_RECURSION = YES;
				CLANG_WARN_INT_CONVERSION = YES;
				CLANG_WARN_NON_LITERAL_NULL_CONVERSION = YES;
				CLANG_WARN_OBJC_IMPLICIT_RETAIN_SELF = YES;
				CLANG_WARN_OBJC_LITERAL_CONVERSION = YES;
				CLANG_WARN_OBJC_ROOT_CLASS = YES_ERROR;
				CLANG_WARN_QUOTED_INCLUDE_IN_FRAMEWORK_HEADER = YES;
				CLANG_WARN_RANGE_LOOP_ANALYSIS = YES;
				CLANG_WARN_STRICT_PROTOTYPES = YES;
				CLANG_WARN_SUSPICIOUS_MOVE = YES;
				CLANG_WARN_UNGUARDED_AVAILABILITY = YES_AGGRESSIVE;
				CLANG_WARN_UNREACHABLE_CODE = YES;
				CLANG_WARN__DUPLICATE_METHOD_MATCH = YES;
				COPY_PHASE_STRIP = NO;
				DEAD_CODE_STRIPPING = YES;
				DEBUG_INFORMATION_FORMAT = "dwarf-with-dsym";
				DRIVERKIT_DEPLOYMENT_TARGET = 27.0;
				ENABLE_NS_ASSERTIONS = NO;
				ENABLE_STRICT_OBJC_MSGSEND = YES;
				ENABLE_USER_SCRIPT_SANDBOXING = YES;
				GCC_C_LANGUAGE_STANDARD = gnu17;
				GCC_NO_COMMON_BLOCKS = YES;
				GCC_WARN_64_TO_32_BIT_CONVERSION = YES;
				GCC_WARN_ABOUT_RETURN_TYPE = YES_ERROR;
				GCC_WARN_UNDECLARED_SELECTOR = YES;
				GCC_WARN_UNINITIALIZED_AUTOS = YES_AGGRESSIVE;
				GCC_WARN_UNUSED_FUNCTION = YES;
				GCC_WARN_UNUSED_VARIABLE = YES;
				IPHONEOS_DEPLOYMENT_TARGET = 27.0;
				LOCALIZATION_PREFERS_STRING_CATALOGS = YES;
				MACOSX_DEPLOYMENT_TARGET = 27.0;
				MTL_ENABLE_DEBUG_INFO = NO;
				MTL_FAST_MATH = YES;
				PROJECT_UNIQUE_VALUE = WQHC2WXA;
				STRING_CATALOG_GENERATE_SYMBOLS = YES;
				SWIFT_COMPILATION_MODE = wholemodule;
				SWIFT_EMIT_LOC_STRINGS = YES;
				WATCHOS_DEPLOYMENT_TARGET = 27.0;
				XROS_DEPLOYMENT_TARGET = 27.0;
			};
			name = Release;
		};
		000000000000000111000000 /* Debug configuration for PBXNativeTarget "DeeDock" */ = {
			isa = XCBuildConfiguration;
			baseConfigurationReference = 0EE3B5E31B6358B0F2F32162 /* App.xcconfig */;
			buildSettings = {
				AUTOMATION_APPLE_EVENTS = NO;
				CODE_SIGN_ENTITLEMENTS = DeeDock/DeeDock.entitlements;
				CODE_SIGN_IDENTITY = "Apple Development";
				CODE_SIGN_STYLE = Automatic;
				DEVELOPMENT_TEAM = U7H5KA9MG4;
				ENABLE_APP_SANDBOX = NO;
				ENABLE_HARDENED_RUNTIME = YES;
				ENABLE_PREVIEWS = YES;
				ENABLE_RESOURCE_ACCESS_PHOTO_LIBRARY = NO;
				GENERATE_INFOPLIST_FILE = YES;
				INFOPLIST_FILE = "Configuration/Direct-Info.plist";
				INFOPLIST_KEY_CFBundleDisplayName = DeeDock;
				INFOPLIST_KEY_LSApplicationCategoryType = "public.app-category.utilities";
				INFOPLIST_KEY_LSUIElement = YES;
				INFOPLIST_KEY_NSAppleEventsUsageDescription = "Open and empty Trash through Finder when you choose a Trash command.";
				"INFOPLIST_KEY_UIApplicationSceneManifest_Generation[sdk=iphoneos*]" = YES;
				"INFOPLIST_KEY_UIApplicationSceneManifest_Generation[sdk=iphonesimulator*]" = YES;
				"INFOPLIST_KEY_UIApplicationSupportsIndirectInputEvents[sdk=iphoneos*]" = YES;
				"INFOPLIST_KEY_UIApplicationSupportsIndirectInputEvents[sdk=iphonesimulator*]" = YES;
				"INFOPLIST_KEY_UILaunchScreen_Generation[sdk=iphoneos*]" = YES;
				"INFOPLIST_KEY_UILaunchScreen_Generation[sdk=iphonesimulator*]" = YES;
				"INFOPLIST_KEY_UIStatusBarStyle[sdk=iphoneos*]" = UIStatusBarStyleDefault;
				"INFOPLIST_KEY_UIStatusBarStyle[sdk=iphonesimulator*]" = UIStatusBarStyleDefault;
				INFOPLIST_KEY_UISupportedInterfaceOrientations_iPad = "UIInterfaceOrientationPortrait UIInterfaceOrientationPortraitUpsideDown UIInterfaceOrientationLandscapeLeft UIInterfaceOrientationLandscapeRight";
				INFOPLIST_KEY_UISupportedInterfaceOrientations_iPhone = "UIInterfaceOrientationPortrait UIInterfaceOrientationLandscapeLeft UIInterfaceOrientationLandscapeRight";
				LD_RUNPATH_SEARCH_PATHS = "@executable_path/Frameworks";
				"LD_RUNPATH_SEARCH_PATHS[sdk=macosx*]" = "@executable_path/../Frameworks";
				PROVISIONING_PROFILE_SPECIFIER = "";
				REGISTER_APP_GROUPS = YES;
				RUNTIME_EXCEPTION_ALLOW_DYLD_ENVIRONMENT_VARIABLES = NO;
				RUNTIME_EXCEPTION_ALLOW_JIT = NO;
				RUNTIME_EXCEPTION_ALLOW_UNSIGNED_EXECUTABLE_MEMORY = NO;
				RUNTIME_EXCEPTION_DEBUGGING_TOOL = NO;
				RUNTIME_EXCEPTION_DISABLE_EXECUTABLE_PAGE_PROTECTION = NO;
				RUNTIME_EXCEPTION_DISABLE_LIBRARY_VALIDATION = NO;
				SDKROOT = auto;
				SPARKLE_FEED_URL = "https://github.com/benjamin-kraatz/DeeDock/releases/latest/download/appcast.xml";
				SPARKLE_PUBLIC_ED_KEY = "42BS1szAgeLMEKx7q01Hky2ophd9aWLcs+P+zYAk3Gg=";
				STRING_CATALOG_GENERATE_SYMBOLS = YES;
				SUPPORTED_PLATFORMS = macosx;
				SUPPORTS_MACCATALYST = NO;
				SWIFT_ACTIVE_COMPILATION_CONDITIONS = "$(inherited) DIRECT_DISTRIBUTION";
				SWIFT_APPROACHABLE_CONCURRENCY = YES;
				SWIFT_DEFAULT_ACTOR_ISOLATION = MainActor;
				SWIFT_EMIT_LOC_STRINGS = YES;
				SWIFT_UPCOMING_FEATURE_MEMBER_IMPORT_VISIBILITY = YES;
				SWIFT_VERSION = 5.0;
			};
			name = Debug;
		};
		000000000000000112000000 /* Release configuration for PBXNativeTarget "DeeDock" */ = {
			isa = XCBuildConfiguration;
			baseConfigurationReference = 0EE3B5E31B6358B0F2F32162 /* App.xcconfig */;
			buildSettings = {
				AUTOMATION_APPLE_EVENTS = NO;
				CODE_SIGN_ENTITLEMENTS = DeeDock/DeeDock.entitlements;
				CODE_SIGN_IDENTITY = "Apple Development";
				CODE_SIGN_STYLE = Automatic;
				DEVELOPMENT_TEAM = U7H5KA9MG4;
				ENABLE_APP_SANDBOX = NO;
				ENABLE_HARDENED_RUNTIME = YES;
				ENABLE_PREVIEWS = YES;
				ENABLE_RESOURCE_ACCESS_PHOTO_LIBRARY = NO;
				GENERATE_INFOPLIST_FILE = YES;
				INFOPLIST_FILE = "Configuration/Direct-Info.plist";
				INFOPLIST_KEY_CFBundleDisplayName = DeeDock;
				INFOPLIST_KEY_LSApplicationCategoryType = "public.app-category.utilities";
				INFOPLIST_KEY_LSUIElement = YES;
				INFOPLIST_KEY_NSAppleEventsUsageDescription = "Open and empty Trash through Finder when you choose a Trash command.";
				"INFOPLIST_KEY_UIApplicationSceneManifest_Generation[sdk=iphoneos*]" = YES;
				"INFOPLIST_KEY_UIApplicationSceneManifest_Generation[sdk=iphonesimulator*]" = YES;
				"INFOPLIST_KEY_UIApplicationSupportsIndirectInputEvents[sdk=iphoneos*]" = YES;
				"INFOPLIST_KEY_UIApplicationSupportsIndirectInputEvents[sdk=iphonesimulator*]" = YES;
				"INFOPLIST_KEY_UILaunchScreen_Generation[sdk=iphoneos*]" = YES;
				"INFOPLIST_KEY_UILaunchScreen_Generation[sdk=iphonesimulator*]" = YES;
				"INFOPLIST_KEY_UIStatusBarStyle[sdk=iphoneos*]" = UIStatusBarStyleDefault;
				"INFOPLIST_KEY_UIStatusBarStyle[sdk=iphonesimulator*]" = UIStatusBarStyleDefault;
				INFOPLIST_KEY_UISupportedInterfaceOrientations_iPad = "UIInterfaceOrientationPortrait UIInterfaceOrientationPortraitUpsideDown UIInterfaceOrientationLandscapeLeft UIInterfaceOrientationLandscapeRight";
				INFOPLIST_KEY_UISupportedInterfaceOrientations_iPhone = "UIInterfaceOrientationPortrait UIInterfaceOrientationLandscapeLeft UIInterfaceOrientationLandscapeRight";
				LD_RUNPATH_SEARCH_PATHS = "@executable_path/Frameworks";
				"LD_RUNPATH_SEARCH_PATHS[sdk=macosx*]" = "@executable_path/../Frameworks";
				PROVISIONING_PROFILE_SPECIFIER = "";
				REGISTER_APP_GROUPS = YES;
				RUNTIME_EXCEPTION_ALLOW_DYLD_ENVIRONMENT_VARIABLES = NO;
				RUNTIME_EXCEPTION_ALLOW_JIT = NO;
				RUNTIME_EXCEPTION_ALLOW_UNSIGNED_EXECUTABLE_MEMORY = NO;
				RUNTIME_EXCEPTION_DEBUGGING_TOOL = NO;
				RUNTIME_EXCEPTION_DISABLE_EXECUTABLE_PAGE_PROTECTION = NO;
				RUNTIME_EXCEPTION_DISABLE_LIBRARY_VALIDATION = NO;
				SDKROOT = auto;
				SPARKLE_FEED_URL = "https://github.com/benjamin-kraatz/DeeDock/releases/latest/download/appcast.xml";
				SPARKLE_PUBLIC_ED_KEY = "42BS1szAgeLMEKx7q01Hky2ophd9aWLcs+P+zYAk3Gg=";
				STRING_CATALOG_GENERATE_SYMBOLS = YES;
				SUPPORTED_PLATFORMS = macosx;
				SUPPORTS_MACCATALYST = NO;
				SWIFT_ACTIVE_COMPILATION_CONDITIONS = "$(inherited) DIRECT_DISTRIBUTION";
				SWIFT_APPROACHABLE_CONCURRENCY = YES;
				SWIFT_DEFAULT_ACTOR_ISOLATION = MainActor;
				SWIFT_EMIT_LOC_STRINGS = YES;
				SWIFT_UPCOMING_FEATURE_MEMBER_IMPORT_VISIBILITY = YES;
				SWIFT_VERSION = 5.0;
			};
			name = Release;
		};
		9E514861E6355270C243C974 /* Release configuration for PBXNativeTarget "DeeDock-TestFlight" */ = {
			isa = XCBuildConfiguration;
			baseConfigurationReference = 0EE3B5E31B6358B0F2F32162 /* App.xcconfig */;
			buildSettings = {
				AUTOMATION_APPLE_EVENTS = NO;
				CODE_SIGN_ENTITLEMENTS = DeeDock/DeeDock.entitlements;
				CODE_SIGN_IDENTITY = "Apple Development";
				CODE_SIGN_STYLE = Automatic;
				CONFIGURATION_BUILD_DIR = "$(BUILD_DIR)/$(CONFIGURATION)$(EFFECTIVE_PLATFORM_NAME)/TestFlight";
				DEVELOPMENT_TEAM = U7H5KA9MG4;
				ENABLE_APP_SANDBOX = NO;
				ENABLE_HARDENED_RUNTIME = YES;
				ENABLE_PREVIEWS = YES;
				ENABLE_RESOURCE_ACCESS_PHOTO_LIBRARY = NO;
				GENERATE_INFOPLIST_FILE = YES;
				INFOPLIST_KEY_CFBundleDisplayName = DeeDock;
				INFOPLIST_KEY_LSApplicationCategoryType = "public.app-category.utilities";
				INFOPLIST_KEY_LSUIElement = YES;
				INFOPLIST_KEY_NSAppleEventsUsageDescription = "Open and empty Trash through Finder when you choose a Trash command.";
				"INFOPLIST_KEY_UIApplicationSceneManifest_Generation[sdk=iphoneos*]" = YES;
				"INFOPLIST_KEY_UIApplicationSceneManifest_Generation[sdk=iphonesimulator*]" = YES;
				"INFOPLIST_KEY_UIApplicationSupportsIndirectInputEvents[sdk=iphoneos*]" = YES;
				"INFOPLIST_KEY_UIApplicationSupportsIndirectInputEvents[sdk=iphonesimulator*]" = YES;
				"INFOPLIST_KEY_UILaunchScreen_Generation[sdk=iphoneos*]" = YES;
				"INFOPLIST_KEY_UILaunchScreen_Generation[sdk=iphonesimulator*]" = YES;
				"INFOPLIST_KEY_UIStatusBarStyle[sdk=iphoneos*]" = UIStatusBarStyleDefault;
				"INFOPLIST_KEY_UIStatusBarStyle[sdk=iphonesimulator*]" = UIStatusBarStyleDefault;
				INFOPLIST_KEY_UISupportedInterfaceOrientations_iPad = "UIInterfaceOrientationPortrait UIInterfaceOrientationPortraitUpsideDown UIInterfaceOrientationLandscapeLeft UIInterfaceOrientationLandscapeRight";
				INFOPLIST_KEY_UISupportedInterfaceOrientations_iPhone = "UIInterfaceOrientationPortrait UIInterfaceOrientationLandscapeLeft UIInterfaceOrientationLandscapeRight";
				LD_RUNPATH_SEARCH_PATHS = "@executable_path/Frameworks";
				"LD_RUNPATH_SEARCH_PATHS[sdk=macosx*]" = "@executable_path/../Frameworks";
				PROVISIONING_PROFILE_SPECIFIER = "";
				REGISTER_APP_GROUPS = YES;
				RUNTIME_EXCEPTION_ALLOW_DYLD_ENVIRONMENT_VARIABLES = NO;
				RUNTIME_EXCEPTION_ALLOW_JIT = NO;
				RUNTIME_EXCEPTION_ALLOW_UNSIGNED_EXECUTABLE_MEMORY = NO;
				RUNTIME_EXCEPTION_DEBUGGING_TOOL = NO;
				RUNTIME_EXCEPTION_DISABLE_EXECUTABLE_PAGE_PROTECTION = NO;
				RUNTIME_EXCEPTION_DISABLE_LIBRARY_VALIDATION = NO;
				SDKROOT = auto;
				STRING_CATALOG_GENERATE_SYMBOLS = YES;
				SUPPORTED_PLATFORMS = macosx;
				SUPPORTS_MACCATALYST = NO;
				SWIFT_ACTIVE_COMPILATION_CONDITIONS = "$(inherited) TESTFLIGHT";
				SWIFT_APPROACHABLE_CONCURRENCY = YES;
				SWIFT_DEFAULT_ACTOR_ISOLATION = MainActor;
				SWIFT_EMIT_LOC_STRINGS = YES;
				SWIFT_UPCOMING_FEATURE_MEMBER_IMPORT_VISIBILITY = YES;
				SWIFT_VERSION = 5.0;
			};
			name = Release;
		};
		A418A470147009CA5A39EDDB /* Debug configuration for PBXNativeTarget "DeeDock-TestFlight" */ = {
			isa = XCBuildConfiguration;
			baseConfigurationReference = 0EE3B5E31B6358B0F2F32162 /* App.xcconfig */;
			buildSettings = {
				AUTOMATION_APPLE_EVENTS = NO;
				CODE_SIGN_ENTITLEMENTS = DeeDock/DeeDock.entitlements;
				CODE_SIGN_IDENTITY = "Apple Development";
				CODE_SIGN_STYLE = Automatic;
				CONFIGURATION_BUILD_DIR = "$(BUILD_DIR)/$(CONFIGURATION)$(EFFECTIVE_PLATFORM_NAME)/TestFlight";
				DEVELOPMENT_TEAM = U7H5KA9MG4;
				ENABLE_APP_SANDBOX = NO;
				ENABLE_HARDENED_RUNTIME = YES;
				ENABLE_PREVIEWS = YES;
				ENABLE_RESOURCE_ACCESS_PHOTO_LIBRARY = NO;
				GENERATE_INFOPLIST_FILE = YES;
				INFOPLIST_KEY_CFBundleDisplayName = DeeDock;
				INFOPLIST_KEY_LSApplicationCategoryType = "public.app-category.utilities";
				INFOPLIST_KEY_LSUIElement = YES;
				INFOPLIST_KEY_NSAppleEventsUsageDescription = "Open and empty Trash through Finder when you choose a Trash command.";
				"INFOPLIST_KEY_UIApplicationSceneManifest_Generation[sdk=iphoneos*]" = YES;
				"INFOPLIST_KEY_UIApplicationSceneManifest_Generation[sdk=iphonesimulator*]" = YES;
				"INFOPLIST_KEY_UIApplicationSupportsIndirectInputEvents[sdk=iphoneos*]" = YES;
				"INFOPLIST_KEY_UIApplicationSupportsIndirectInputEvents[sdk=iphonesimulator*]" = YES;
				"INFOPLIST_KEY_UILaunchScreen_Generation[sdk=iphoneos*]" = YES;
				"INFOPLIST_KEY_UILaunchScreen_Generation[sdk=iphonesimulator*]" = YES;
				"INFOPLIST_KEY_UIStatusBarStyle[sdk=iphoneos*]" = UIStatusBarStyleDefault;
				"INFOPLIST_KEY_UIStatusBarStyle[sdk=iphonesimulator*]" = UIStatusBarStyleDefault;
				INFOPLIST_KEY_UISupportedInterfaceOrientations_iPad = "UIInterfaceOrientationPortrait UIInterfaceOrientationPortraitUpsideDown UIInterfaceOrientationLandscapeLeft UIInterfaceOrientationLandscapeRight";
				INFOPLIST_KEY_UISupportedInterfaceOrientations_iPhone = "UIInterfaceOrientationPortrait UIInterfaceOrientationLandscapeLeft UIInterfaceOrientationLandscapeRight";
				LD_RUNPATH_SEARCH_PATHS = "@executable_path/Frameworks";
				"LD_RUNPATH_SEARCH_PATHS[sdk=macosx*]" = "@executable_path/../Frameworks";
				PROVISIONING_PROFILE_SPECIFIER = "";
				REGISTER_APP_GROUPS = YES;
				RUNTIME_EXCEPTION_ALLOW_DYLD_ENVIRONMENT_VARIABLES = NO;
				RUNTIME_EXCEPTION_ALLOW_JIT = NO;
				RUNTIME_EXCEPTION_ALLOW_UNSIGNED_EXECUTABLE_MEMORY = NO;
				RUNTIME_EXCEPTION_DEBUGGING_TOOL = NO;
				RUNTIME_EXCEPTION_DISABLE_EXECUTABLE_PAGE_PROTECTION = NO;
				RUNTIME_EXCEPTION_DISABLE_LIBRARY_VALIDATION = NO;
				SDKROOT = auto;
				STRING_CATALOG_GENERATE_SYMBOLS = YES;
				SUPPORTED_PLATFORMS = macosx;
				SUPPORTS_MACCATALYST = NO;
				SWIFT_ACTIVE_COMPILATION_CONDITIONS = "$(inherited) TESTFLIGHT";
				SWIFT_APPROACHABLE_CONCURRENCY = YES;
				SWIFT_DEFAULT_ACTOR_ISOLATION = MainActor;
				SWIFT_EMIT_LOC_STRINGS = YES;
				SWIFT_UPCOMING_FEATURE_MEMBER_IMPORT_VISIBILITY = YES;
				SWIFT_VERSION = 5.0;
			};
			name = Debug;
		};
		DD0000000000000000000009 /* Debug configuration for PBXNativeTarget "DeeDockTests" */ = {
			isa = XCBuildConfiguration;
			buildSettings = {
				CODE_SIGN_IDENTITY = "-";
				CODE_SIGN_STYLE = Automatic;
				DEVELOPMENT_TEAM = U7H5KA9MG4;
				GENERATE_INFOPLIST_FILE = YES;
				LD_RUNPATH_SEARCH_PATHS = (
					"$(inherited)",
					"@loader_path/../Frameworks",
					"@executable_path/../Frameworks",
				);
				MACOSX_DEPLOYMENT_TARGET = 27.0;
				PRODUCT_BUNDLE_IDENTIFIER = de.benjaminkraatz.DeeDockTests;
				PRODUCT_NAME = "$(TARGET_NAME)";
				SDKROOT = macosx;
				SUPPORTED_PLATFORMS = macosx;
				SWIFT_APPROACHABLE_CONCURRENCY = YES;
				SWIFT_DEFAULT_ACTOR_ISOLATION = MainActor;
				SWIFT_VERSION = 5.0;
			};
			name = Debug;
		};
		DD000000000000000000000A /* Release configuration for PBXNativeTarget "DeeDockTests" */ = {
			isa = XCBuildConfiguration;
			buildSettings = {
				CODE_SIGN_IDENTITY = "-";
				CODE_SIGN_STYLE = Automatic;
				DEVELOPMENT_TEAM = U7H5KA9MG4;
				GENERATE_INFOPLIST_FILE = YES;
				LD_RUNPATH_SEARCH_PATHS = (
					"$(inherited)",
					"@loader_path/../Frameworks",
					"@executable_path/../Frameworks",
				);
				MACOSX_DEPLOYMENT_TARGET = 27.0;
				PRODUCT_BUNDLE_IDENTIFIER = de.benjaminkraatz.DeeDockTests;
				PRODUCT_NAME = "$(TARGET_NAME)";
				SDKROOT = macosx;
				SUPPORTED_PLATFORMS = macosx;
				SWIFT_APPROACHABLE_CONCURRENCY = YES;
				SWIFT_DEFAULT_ACTOR_ISOLATION = MainActor;
				SWIFT_VERSION = 5.0;
			};
			name = Release;
		};
/* End XCBuildConfiguration section */

/* Begin XCConfigurationList section */
		000000000000000010000000 /* Build configuration list for PBXProject "DeeDock" */ = {
			isa = XCConfigurationList;
			buildConfigurations = (
				000000000000000011000000 /* Debug configuration for PBXProject "DeeDock" */,
				000000000000000012000000 /* Release configuration for PBXProject "DeeDock" */,
			);
			defaultConfigurationName = Release;
		};
		000000000000000110000000 /* Build configuration list for PBXNativeTarget "DeeDock" */ = {
			isa = XCConfigurationList;
			buildConfigurations = (
				000000000000000111000000 /* Debug configuration for PBXNativeTarget "DeeDock" */,
				000000000000000112000000 /* Release configuration for PBXNativeTarget "DeeDock" */,
			);
			defaultConfigurationName = Release;
		};
		A699A85E4BEDB630913E6016 /* Build configuration list for PBXNativeTarget "DeeDock-TestFlight" */ = {
			isa = XCConfigurationList;
			buildConfigurations = (
				9E514861E6355270C243C974 /* Release configuration for PBXNativeTarget "DeeDock-TestFlight" */,
				A418A470147009CA5A39EDDB /* Debug configuration for PBXNativeTarget "DeeDock-TestFlight" */,
			);
			defaultConfigurationName = Release;
		};
		DD0000000000000000000007 /* Build configuration list for PBXNativeTarget "DeeDockTests" */ = {
			isa = XCConfigurationList;
			buildConfigurations = (
				DD0000000000000000000009 /* Debug configuration for PBXNativeTarget "DeeDockTests" */,
				DD000000000000000000000A /* Release configuration for PBXNativeTarget "DeeDockTests" */,
			);
			defaultConfigurationName = Release;
		};
/* End XCConfigurationList section */

/* Begin XCRemoteSwiftPackageReference section */
		81630C8DE54D7D27B0AA3138 /* XCRemoteSwiftPackageReference "Sparkle" */ = {
			isa = XCRemoteSwiftPackageReference;
			repositoryURL = "https://github.com/sparkle-project/Sparkle";
			requirement = {
				kind = exactVersion;
				version = 2.9.6;
			};
		};
/* End XCRemoteSwiftPackageReference section */

/* Begin XCSwiftPackageProductDependency section */
		C7F376D8610F320F205B46E7 /* Sparkle */ = {
			isa = XCSwiftPackageProductDependency;
			package = 81630C8DE54D7D27B0AA3138 /* XCRemoteSwiftPackageReference "Sparkle" */;
			productName = Sparkle;
		};
/* End XCSwiftPackageProductDependency section */
	};
	rootObject = 000000000000000000000000 /* Project object */;
}
